// !$*UTF8*$!
{
	archiveVersion = 1;
	classes = {
	};
	objectVersion = 48;
	objects = {

/* Begin PBXBuildFile section */
		E5541A021F14B45500035C20 /* AppDelegate.m in Sources */ = {isa = PBXBuildFile; fileRef = E5541A011F14B45500035C20 /* AppDelegate.m */; };
		E5541A051F14B45500035C20 /* ViewController.m in Sources */ = {isa = PBXBuildFile; fileRef = E5541A041F14B45500035C20 /* ViewController.m */; };
		E5541A081F14B45500035C20 /* Main.storyboard in Resources */ = {isa = PBXBuildFile; fileRef = E5541A061F14B45500035C20 /* Main.storyboard */; };
		E5541A0A1F14B45500035C20 /* Assets.xcassets in Resources */ = {isa = PBXBuildFile; fileRef = E5541A091F14B45500035C20 /* Assets.xcassets */; };
		E5541A0D1F14B45500035C20 /* LaunchScreen.storyboard in Resources */ = {isa = PBXBuildFile; fileRef = E5541A0B1F14B45500035C20 /* LaunchScreen.storyboard */; };
		E5541A101F14B45500035C20 /* main.m in Sources */ = {isa = PBXBuildFile; fileRef = E5541A0F1F14B45500035C20 /* main.m */; };
/* End PBXBuildFile section */

/* Begin PBXFileReference section */
		E55419FD1F14B45500035C20 /* VR_Example.app */ = {isa = PBXFileReference; explicitFileType = wrapper.application; includeInIndex = 0; path = VR_Example.app; sourceTree = BUILT_PRODUCTS_DIR; };
		E5541A001F14B45500035C20 /* AppDelegate.h */ = {isa = PBXFileReference; lastKnownFileType = sourcecode.c.h; path = AppDelegate.h; sourceTree = "<group>"; };
		E5541A011F14B45500035C20 /* AppDelegate.m */ = {isa = PBXFileReference; lastKnownFileType = sourcecode.c.objc; path = AppDelegate.m; sourceTree = "<group>"; };
		E5541A031F14B45500035C20 /* ViewController.h */ = {isa = PBXFileReference; lastKnownFileType = sourcecode.c.h; path = ViewController.h; sourceTree = "<group>"; };
		E5541A041F14B45500035C20 /* ViewController.m */ = {isa = PBXFileReference; lastKnownFileType = sourcecode.c.objc; path = ViewController.m; sourceTree = "<group>"; };
		E5541A071F14B45500035C20 /* Base */ = {isa = PBXFileReference; lastKnownFileType = file.storyboard; name = Base; path = Base.lproj/Main.storyboard; sourceTree = "<group>"; };
		E5541A091F14B45500035C20 /* Assets.xcassets */ = {isa = PBXFileReference; lastKnownFileType = folder.assetcatalog; path = Assets.xcassets; sourceTree = "<group>"; };
		E5541A0C1F14B45500035C20 /* Base */ = {isa = PBXFileReference; lastKnownFileType = file.storyboard; name = Base; path = Base.lproj/LaunchScreen.storyboard; sourceTree = "<group>"; };
		E5541A0E1F14B45500035C20 /* Info.plist */ = {isa = PBXFileReference; lastKnownFileType = text.plist.xml; path = Info.plist; sourceTree = "<group>"; };
		E5541A0F1F14B45500035C20 /* main.m */ = {isa = PBXFileReference; lastKnownFileType = sourcecode.c.objc; path = main.m; sourceTree = "<group>"; };
/* End PBXFileReference section */

/* Begin PBXFrameworksBuildPhase section */
		E55419FA1F14B45500035C20 /* Frameworks */ = {
			isa = PBXFrameworksBuildPhase;
			buildActionMask = 2147483647;
			files = (
			);
			runOnlyForDeploymentPostprocessing = 0;
		};
/* End PBXFrameworksBuildPhase section */

/* Begin PBXGroup section */
		E55419F41F14B45500035C20 = {
			isa = PBXGroup;
			children = (
				E55419FF1F14B45500035C20 /* VR_Example */,
				E55419FE1F14B45500035C20 /* Products */,
			);
			sourceTree = "<group>";
		};
		E55419FE1F14B45500035C20 /* Products */ = {
			isa = PBXGroup;
			children = (
				E55419FD1F14B45500035C20 /* VR_Example.app */,
			);
			name = Products;
			sourceTree = "<group>";
		};
		E55419FF1F14B45500035C20 /* VR_Example */ = {
			isa = PBXGroup;
			children = (
				E5541A001F14B45500035C20 /* AppDelegate.h */,
				E5541A011F14B45500035C20 /* AppDelegate.m */,
				E5541A031F14B45500035C20 /* ViewController.h */,
				E5541A041F14B45500035C20 /* ViewController.m */,
				E5541A061F14B45500035C20 /* Main.storyboard */,
				E5541A091F14B45500035C20 /* Assets.xcassets */,
				E5541A0B1F14B45500035C20 /* LaunchScreen.storyboard */,
				E5541A0E1F14B45500035C20 /* Info.plist */,
				E5541A0F1F14B45500035C20 /* main.m */,
			);
			path = VR_Example;
			sourceTree = "<group>";
		};
/* End PBXGroup section */

/* Begin PBXNativeTarget section */
		E55419FC1F14B45500035C20 /* VR_Example */ = {
			isa = PBXNativeTarget;
			buildConfigurationList = E5541A131F14B45500035C20 /* Build configuration list for PBXNativeTarget "VR_Example" */;
			buildPhases = (
				E55419F91F14B45500035C20 /* Sources */,
				E55419FA1F14B45500035C20 /* Frameworks */,
				E55419FB1F14B45500035C20 /* Resources */,
			);
			buildRules = (
			);
			dependencies = (
			);
			name = VR_Example;
			productName = VR_Example;
			productReference = E55419FD1F14B45500035C20 /* VR_Example.app */;
			productType = "com.apple.product-type.application";
		};
/* End PBXNativeTarget section */

/* Begin PBXProject section */
		E55419F51F14B45500035C20 /* Project object */ = {
			isa = PBXProject;
			attributes = {
				LastUpgradeCheck = 0900;
				ORGANIZATIONNAME = VR;
				TargetAttributes = {
					E55419FC1F14B45500035C20 = {
						CreatedOnToolsVersion = 9.0;
					};
				};
			};
			buildConfigurationList = E55419F81F14B45500035C20 /* Build configuration list for PBXProject "VR_Example" */;
			compatibilityVersion = "Xcode 8.0";
			developmentRegion = en;
			hasScannedForEncodings = 0;
			knownRegions = (
				en,
				Base,
			);
			mainGroup = E55419F41F14B45500035C20;
			productRefGroup = E55419FE1F14B45500035C20 /* Products */;
			projectDirPath = "";
			projectRoot = "";
			targets = (
				E55419FC1F14B45500035C20 /* VR_Example */,
			);
		};
/* End PBXProject section */

/* Begin PBXResourcesBuildPhase section */
		E55419FB1F14B45500035C20 /* Resources */ = {
			isa = PBXResourcesBuildPhase;
			buildActionMask = 2147483647;
			files = (
				E5541A0D1F14B45500035C20 /* LaunchScreen.storyboard in Resources */,
				E5541A0A1F14B45500035C20 /* Assets.xcassets in Resources */,
				E5541A081F14B45500035C20 /* Main.storyboard in Resources */,
			);
			runOnlyForDeploymentPostprocessing = 0;
		};
/* End PBXResourcesBuildPhase section */

/* Begin PBXSourcesBuildPhase section */
		E55419F91F14B45500035C20 /* Sources */ = {
			isa = PBXSourcesBuildPhase;
			buildActionMask = 2147483647;
			files = (
				E5541A051F14B45500035C20 /* ViewController.m in Sources */,
				E5541A101F14B45500035C20 /* main.m in Sources */,
				E5541A021F14B45500035C20 /* AppDelegate.m in Sources */,
			);
			runOnlyForDeploymentPostprocessing = 0;
		};
/* End PBXSourcesBuildPhase section */

/* Begin PBXVariantGroup section */
		E5541A061F14B45500035C20 /* Main.storyboard */ = {
			isa = PBXVariantGroup;
			children = (
				E5541A071F14B45500035C20 /* Base */,
			);
			name = Main.storyboard;
			sourceTree = "<group>";
		};
		E5541A0B1F14B45500035C20 /* LaunchScreen.storyboard */ = {
			isa = PBXVariantGroup;
			children = (
				E5541A0C1F14B45500035C20 /* Base */,
			);
			name = LaunchScreen.storyboard;
			sourceTree = "<group>";
		};
/* End PBXVariantGroup section */

/* Begin XCBuildConfiguration section */
		E5541A111F14B45500035C20 /* Debug */ = {
			isa = XCBuildConfiguration;
			buildSettings = {
				ALWAYS_SEARCH_USER_PATHS = NO;
				CLANG_ANALYZER_NONNULL = YES;
				CLANG_ANALYZER_NUMBER_OBJECT_CONVERSION = YES_AGGRESSIVE;
				CLANG_CXX_LANGUAGE_STANDARD = "gnu++14";
				CLANG_CXX_LIBRARY = "libc++";
				CLANG_ENABLE_MODULES = YES;
				CLANG_ENABLE_OBJC_ARC = YES;
				CLANG_WARN_BLOCK_CAPTURE_AUTORELEASING = YES;
				CLANG_WARN_BOOL_CONVERSION = YES;
				CLANG_WARN_COMMA = YES;
				CLANG_WARN_CONSTANT_CONVERSION = YES;
				CLANG_WARN_DIRECT_OBJC_ISA_USAGE = YES_ERROR;
				CLANG_WARN_DOCUMENTATION_COMMENTS = YES;
				CLANG_WARN_EMPTY_BODY = YES;
				CLANG_WARN_ENUM_CONVERSION = YES;
				CLANG_WARN_INFINITE_RECURSION = YES;
				CLANG_WARN_INT_CONVERSION = YES;
				CLANG_WARN_OBJC_ROOT_CLASS = YES_ERROR;
				CLANG_WARN_RANGE_LOOP_ANALYSIS = YES;
				CLANG_WARN_STRICT_PROTOTYPES = YES;
				CLANG_WARN_SUSPICIOUS_MOVE = YES;
				CLANG_WARN_UNGUARDED_AVAILABILITY = YES_AGGRESSIVE;
				CLANG_WARN_UNREACHABLE_CODE = YES;
				CLANG_WARN__DUPLICATE_METHOD_MATCH = YES;
				CODE_SIGN_IDENTITY = "iPhone Developer";
				COPY_PHASE_STRIP = NO;
				DEBUG_INFORMATION_FORMAT = dwarf;
				ENABLE_STRICT_OBJC_MSGSEND = YES;
				ENABLE_TESTABILITY = YES;
				GCC_C_LANGUAGE_STANDARD = gnu11;
				GCC_DYNAMIC_NO_PIC = NO;
				GCC_NO_COMMON_BLOCKS = YES;
				GCC_OPTIMIZATION_LEVEL = 0;
				GCC_PREPROCESSOR_DEFINITIONS = (
					"DEBUG=1",
					"$(inherited)",
				);
				GCC_WARN_64_TO_32_BIT_CONVERSION = YES;
				GCC_WARN_ABOUT_RETURN_TYPE = YES_ERROR;
				GCC_WARN_UNDECLARED_SELECTOR = YES;
				GCC_WARN_UNINITIALIZED_AUTOS = YES_AGGRESSIVE;
				GCC_WARN_UNUSED_FUNCTION = YES;
				GCC_WARN_UNUSED_VARIABLE = YES;
				IPHONEOS_DEPLOYMENT_TARGET = 11.0;
				MTL_ENABLE_DEBUG_INFO = YES;
				ONLY_ACTIVE_ARCH = YES;
				SDKROOT = iphoneos;
			};
			name = Debug;
		};
		E5541A121F14B45500035C20 /* Release */ = {
			isa = XCBuildConfiguration;
			buildSettings = {
				ALWAYS_SEARCH_USER_PATHS = NO;
				CLANG_ANALYZER_NONNULL = YES;
				CLANG_ANALYZER_NUMBER_OBJECT_CONVERSION = YES_AGGRESSIVE;
				CLANG_CXX_LANGUAGE_STANDARD = "gnu++14";
				CLANG_CXX_LIBRARY = "libc++";
				CLANG_ENABLE_MODULES = YES;
				CLANG_ENABLE_OBJC_ARC = YES;
				CLANG_WARN_BLOCK_CAPTURE_AUTORELEASING = YES;
				CLANG_WARN_BOOL_CONVERSION = YES;
				CLANG_WARN_COMMA = YES;
				CLANG_WARN_CONSTANT_CONVERSION = YES;
				CLANG_WARN_DIRECT_OBJC_ISA_USAGE = YES_ERROR;
				CLANG_WARN_DOCUMENTATION_COMMENTS = YES;
				CLANG_WARN_EMPTY_BODY = YES;
				CLANG_WARN_ENUM_CONVERSION = YES;
				CLANG_WARN_INFINITE_RECURSION = YES;
				CLANG_WARN_INT_CONVERSION = YES;
				CLANG_WARN_OBJC_ROOT_CLASS = YES_ERROR;
				CLANG_WARN_RANGE_LOOP_ANALYSIS = YES;
				CLANG_WARN_STRICT_PROTOTYPES = YES;
				CLANG_WARN_SUSPICIOUS_MOVE = YES;
				CLANG_WARN_UNGUARDED_AVAILABILITY = YES_AGGRESSIVE;
				CLANG_WARN_UNREACHABLE_CODE = YES;
				CLANG_WARN__DUPLICATE_METHOD_MATCH = YES;
				CODE_SIGN_IDENTITY = "iPhone Developer";
				COPY_PHASE_STRIP = NO;
				DEBUG_INFORMATION_FORMAT = "dwarf-with-dsym";
				ENABLE_NS_ASSERTIONS = NO;
				ENABLE_STRICT_OBJC_MSGSEND = YES;
				GCC_C_LANGUAGE_STANDARD = gnu11;
				GCC_NO_COMMON_BLOCKS = YES;
				GCC_WARN_64_TO_32_BIT_CONVERSION = YES;
				GCC_WARN_ABOUT_RETURN_TYPE = YES_ERROR;
				GCC_WARN_UNDECLARED_SELECTOR = YES;
				GCC_WARN_UNINITIALIZED_AUTOS = YES_AGGRESSIVE;
				GCC_WARN_UNUSED_FUNCTION = YES;
				GCC_WARN_UNUSED_VARIABLE = YES;
				IPHONEOS_DEPLOYMENT_TARGET = 11.0;
				MTL_ENABLE_DEBUG_INFO = NO;
				SDKROOT = iphoneos;
				VALIDATE_PRODUCT = YES;
			};
			name = Release;
		};
		E5541A141F14B45500035C20 /* Debug */ = {
			isa = XCBuildConfiguration;
			buildSettings = {
				ASSETCATALOG_COMPILER_APPICON_NAME = AppIcon;
				DEVELOPMENT_TEAM = 6J62AU9PV3;
				INFOPLIST_FILE = VR_Example/Info.plist;
				LD_RUNPATH_SEARCH_PATHS = "$(inherited) @executable_path/Frameworks";
				PRODUCT_BUNDLE_IDENTIFIER = "com.marvr.MARVR.VR-Example";
				PRODUCT_NAME = "$(TARGET_NAME)";
				TARGETED_DEVICE_FAMILY = "1,2";
			};
			name = Debug;
		};
		E5541A151F14B45500035C20 /* Release */ = {
			isa = XCBuildConfiguration;
			buildSettings = {
				ASSETCATALOG_COMPILER_APPICON_NAME = AppIcon;
				DEVELOPMENT_TEAM = 6J62AU9PV3;
				INFOPLIST_FILE = VR_Example/Info.plist;
				LD_RUNPATH_SEARCH_PATHS = "$(inherited) @executable_path/Frameworks";
				PRODUCT_BUNDLE_IDENTIFIER = "com.marvr.MARVR.VR-Example";
				PRODUCT_NAME = "$(TARGET_NAME)";
				TARGETED_DEVICE_FAMILY = "1,2";
			};
			name = Release;
		};
/* End XCBuildConfiguration section */

/* Begin XCConfigurationList section */
		E55419F81F14B45500035C20 /* Build configuration list for PBXProject "VR_Example" */ = {
			isa = XCConfigurationList;
			buildConfigurations = (
				E5541A111F14B45500035C20 /* Debug */,
				E5541A121F14B45500035C20 /* Release */,
			);
			defaultConfigurationIsVisible = 0;
			defaultConfigurationName = Release;
		};
		E5541A131F14B45500035C20 /* Build configuration list for PBXNativeTarget "VR_Example" */ = {
			isa = XCConfigurationList;
			buildConfigurations = (
				E5541A141F14B45500035C20 /* Debug */,
				E5541A151F14B45500035C20 /* Release */,
			);
			defaultConfigurationIsVisible = 0;
		};
/* End XCConfigurationList section */
	};
	rootObject = E55419F51F14B45500035C20 /* Project object */;
}
