// !$*UTF8*$!
{
	archiveVersion = 1;
	classes = {
	};
	objectVersion = 48;
	objects = {

/* Begin PBXBuildFile section */
		E5541A021F14B45500035C20 /* AppDelegate.m in Sources */ = {isa = PBXBuildFile; fileRef = E5541A011F14B45500035C20 /* AppDelegate.m */; };
		E5541A0A1F14B45500035C20 /* Assets.xcassets in Resources */ = {isa = PBXBuildFile; fileRef = E5541A091F14B45500035C20 /* Assets.xcassets */; };
		E5541A0D1F14B45500035C20 /* LaunchScreen.storyboard in Resources */ = {isa = PBXBuildFile; fileRef = E5541A0B1F14B45500035C20 /* LaunchScreen.storyboard */; };
		E5541A101F14B45500035C20 /* main.m in Sources */ = {isa = PBXBuildFile; fileRef = E5541A0F1F14B45500035C20 /* main.m */; };
		E5541A181F14B4A100035C20 /* SZTViewController.m in Sources */ = {isa = PBXBuildFile; fileRef = E5541A171F14B4A100035C20 /* SZTViewController.m */; };
		E5541A711F14B75000035C20 /* BaseViewControllerDemo.m in Sources */ = {isa = PBXBuildFile; fileRef = E5541A6E1F14B74500035C20 /* BaseViewControllerDemo.m */; };
		E5541A721F14B75000035C20 /* SZT_AVPlayerDemo.m in Sources */ = {isa = PBXBuildFile; fileRef = E5541A701F14B74500035C20 /* SZT_AVPlayerDemo.m */; };
		E56DF8871F15C46200780FCC /* SZT_3DAudio.m in Sources */ = {isa = PBXBuildFile; fileRef = E56DF8851F15C45100780FCC /* SZT_3DAudio.m */; };
		E56DF8891F15C5AF00780FCC /* sound.mp3 in Resources */ = {isa = PBXBuildFile; fileRef = E56DF8881F15C5A600780FCC /* sound.mp3 */; };
		E5BDCD2A1F15CE4B006F5749 /* libVRSDK.a in Frameworks */ = {isa = PBXBuildFile; fileRef = E5E559701F14C482008559D8 /* libVRSDK.a */; };
		E5BDCD2B1F15CE50006F5749 /* IJKMediaFramework.framework in Frameworks */ = {isa = PBXBuildFile; fileRef = E5E5593A1F14C482008559D8 /* IJKMediaFramework.framework */; };
		E5BDCDDB1F15DBA7006F5749 /* SZT_LabelDemo.m in Sources */ = {isa = PBXBuildFile; fileRef = E5BDCDDA1F15DBA7006F5749 /* SZT_LabelDemo.m */; };
		E5BDCDDE1F15E55D006F5749 /* SZT_TouchDemo.m in Sources */ = {isa = PBXBuildFile; fileRef = E5BDCDDD1F15E55D006F5749 /* SZT_TouchDemo.m */; };
		E5BDCDE11F162B63006F5749 /* SZT_TextViewDemo.m in Sources */ = {isa = PBXBuildFile; fileRef = E5BDCDE01F162B63006F5749 /* SZT_TextViewDemo.m */; };
		E5BDCE461F162CA3006F5749 /* b_0.png in Resources */ = {isa = PBXBuildFile; fileRef = E5BDCDE51F162CA2006F5749 /* b_0.png */; };
		E5BDCE471F162CA3006F5749 /* b_1.png in Resources */ = {isa = PBXBuildFile; fileRef = E5BDCDE61F162CA2006F5749 /* b_1.png */; };
		E5BDCE481F162CA3006F5749 /* b_10.png in Resources */ = {isa = PBXBuildFile; fileRef = E5BDCDE71F162CA2006F5749 /* b_10.png */; };
		E5BDCE491F162CA3006F5749 /* b_11.png in Resources */ = {isa = PBXBuildFile; fileRef = E5BDCDE81F162CA2006F5749 /* b_11.png */; };
		E5BDCE4A1F162CA3006F5749 /* b_12.png in Resources */ = {isa = PBXBuildFile; fileRef = E5BDCDE91F162CA2006F5749 /* b_12.png */; };
		E5BDCE4B1F162CA3006F5749 /* b_13.png in Resources */ = {isa = PBXBuildFile; fileRef = E5BDCDEA1F162CA2006F5749 /* b_13.png */; };
		E5BDCE4C1F162CA3006F5749 /* b_14.png in Resources */ = {isa = PBXBuildFile; fileRef = E5BDCDEB1F162CA2006F5749 /* b_14.png */; };
		E5BDCE4D1F162CA3006F5749 /* b_15.png in Resources */ = {isa = PBXBuildFile; fileRef = E5BDCDEC1F162CA2006F5749 /* b_15.png */; };
		E5BDCE4E1F162CA3006F5749 /* b_16.png in Resources */ = {isa = PBXBuildFile; fileRef = E5BDCDED1F162CA2006F5749 /* b_16.png */; };
		E5BDCE4F1F162CA3006F5749 /* b_17.png in Resources */ = {isa = PBXBuildFile; fileRef = E5BDCDEE1F162CA2006F5749 /* b_17.png */; };
		E5BDCE501F162CA3006F5749 /* b_18.png in Resources */ = {isa = PBXBuildFile; fileRef = E5BDCDEF1F162CA2006F5749 /* b_18.png */; };
		E5BDCE511F162CA3006F5749 /* b_19.png in Resources */ = {isa = PBXBuildFile; fileRef = E5BDCDF01F162CA2006F5749 /* b_19.png */; };
		E5BDCE521F162CA3006F5749 /* b_2.png in Resources */ = {isa = PBXBuildFile; fileRef = E5BDCDF11F162CA2006F5749 /* b_2.png */; };
		E5BDCE531F162CA3006F5749 /* b_20.png in Resources */ = {isa = PBXBuildFile; fileRef = E5BDCDF21F162CA2006F5749 /* b_20.png */; };
		E5BDCE541F162CA3006F5749 /* b_21.png in Resources */ = {isa = PBXBuildFile; fileRef = E5BDCDF31F162CA2006F5749 /* b_21.png */; };
		E5BDCE551F162CA3006F5749 /* b_22.png in Resources */ = {isa = PBXBuildFile; fileRef = E5BDCDF41F162CA2006F5749 /* b_22.png */; };
		E5BDCE561F162CA3006F5749 /* b_23.png in Resources */ = {isa = PBXBuildFile; fileRef = E5BDCDF51F162CA2006F5749 /* b_23.png */; };
		E5BDCE571F162CA3006F5749 /* b_24.png in Resources */ = {isa = PBXBuildFile; fileRef = E5BDCDF61F162CA2006F5749 /* b_24.png */; };
		E5BDCE581F162CA3006F5749 /* b_25.png in Resources */ = {isa = PBXBuildFile; fileRef = E5BDCDF71F162CA2006F5749 /* b_25.png */; };
		E5BDCE591F162CA3006F5749 /* b_26.png in Resources */ = {isa = PBXBuildFile; fileRef = E5BDCDF81F162CA2006F5749 /* b_26.png */; };
		E5BDCE5A1F162CA3006F5749 /* b_27.png in Resources */ = {isa = PBXBuildFile; fileRef = E5BDCDF91F162CA2006F5749 /* b_27.png */; };
		E5BDCE5B1F162CA3006F5749 /* b_28.png in Resources */ = {isa = PBXBuildFile; fileRef = E5BDCDFA1F162CA2006F5749 /* b_28.png */; };
		E5BDCE5C1F162CA3006F5749 /* b_29.png in Resources */ = {isa = PBXBuildFile; fileRef = E5BDCDFB1F162CA2006F5749 /* b_29.png */; };
		E5BDCE5D1F162CA3006F5749 /* b_3.png in Resources */ = {isa = PBXBuildFile; fileRef = E5BDCDFC1F162CA2006F5749 /* b_3.png */; };
		E5BDCE5E1F162CA3006F5749 /* b_30.png in Resources */ = {isa = PBXBuildFile; fileRef = E5BDCDFD1F162CA2006F5749 /* b_30.png */; };
		E5BDCE5F1F162CA3006F5749 /* b_4.png in Resources */ = {isa = PBXBuildFile; fileRef = E5BDCDFE1F162CA2006F5749 /* b_4.png */; };
		E5BDCE601F162CA3006F5749 /* b_5.png in Resources */ = {isa = PBXBuildFile; fileRef = E5BDCDFF1F162CA2006F5749 /* b_5.png */; };
		E5BDCE611F162CA3006F5749 /* b_6.png in Resources */ = {isa = PBXBuildFile; fileRef = E5BDCE001F162CA2006F5749 /* b_6.png */; };
		E5BDCE621F162CA3006F5749 /* b_7.png in Resources */ = {isa = PBXBuildFile; fileRef = E5BDCE011F162CA2006F5749 /* b_7.png */; };
		E5BDCE631F162CA3006F5749 /* b_8.png in Resources */ = {isa = PBXBuildFile; fileRef = E5BDCE021F162CA2006F5749 /* b_8.png */; };
		E5BDCE641F162CA3006F5749 /* b_9.png in Resources */ = {isa = PBXBuildFile; fileRef = E5BDCE031F162CA2006F5749 /* b_9.png */; };
		E5BDCE651F162CA3006F5749 /* background-.png in Resources */ = {isa = PBXBuildFile; fileRef = E5BDCE051F162CA2006F5749 /* background-.png */; };
		E5BDCE661F162CA3006F5749 /* background.png in Resources */ = {isa = PBXBuildFile; fileRef = E5BDCE061F162CA2006F5749 /* background.png */; };
		E5BDCE671F162CA3006F5749 /* s_0.png in Resources */ = {isa = PBXBuildFile; fileRef = E5BDCE071F162CA2006F5749 /* s_0.png */; };
		E5BDCE681F162CA3006F5749 /* s_1.png in Resources */ = {isa = PBXBuildFile; fileRef = E5BDCE081F162CA2006F5749 /* s_1.png */; };
		E5BDCE691F162CA3006F5749 /* s_10.png in Resources */ = {isa = PBXBuildFile; fileRef = E5BDCE091F162CA2006F5749 /* s_10.png */; };
		E5BDCE6A1F162CA3006F5749 /* s_11.png in Resources */ = {isa = PBXBuildFile; fileRef = E5BDCE0A1F162CA2006F5749 /* s_11.png */; };
		E5BDCE6B1F162CA3006F5749 /* s_12.png in Resources */ = {isa = PBXBuildFile; fileRef = E5BDCE0B1F162CA2006F5749 /* s_12.png */; };
		E5BDCE6C1F162CA3006F5749 /* s_13.png in Resources */ = {isa = PBXBuildFile; fileRef = E5BDCE0C1F162CA2006F5749 /* s_13.png */; };
		E5BDCE6D1F162CA3006F5749 /* s_14.png in Resources */ = {isa = PBXBuildFile; fileRef = E5BDCE0D1F162CA2006F5749 /* s_14.png */; };
		E5BDCE6E1F162CA3006F5749 /* s_15.png in Resources */ = {isa = PBXBuildFile; fileRef = E5BDCE0E1F162CA2006F5749 /* s_15.png */; };
		E5BDCE6F1F162CA3006F5749 /* s_16.png in Resources */ = {isa = PBXBuildFile; fileRef = E5BDCE0F1F162CA2006F5749 /* s_16.png */; };
		E5BDCE701F162CA3006F5749 /* s_17.png in Resources */ = {isa = PBXBuildFile; fileRef = E5BDCE101F162CA2006F5749 /* s_17.png */; };
		E5BDCE711F162CA3006F5749 /* s_18.png in Resources */ = {isa = PBXBuildFile; fileRef = E5BDCE111F162CA2006F5749 /* s_18.png */; };
		E5BDCE721F162CA3006F5749 /* s_19.png in Resources */ = {isa = PBXBuildFile; fileRef = E5BDCE121F162CA2006F5749 /* s_19.png */; };
		E5BDCE731F162CA3006F5749 /* s_2.png in Resources */ = {isa = PBXBuildFile; fileRef = E5BDCE131F162CA2006F5749 /* s_2.png */; };
		E5BDCE741F162CA3006F5749 /* s_20.png in Resources */ = {isa = PBXBuildFile; fileRef = E5BDCE141F162CA2006F5749 /* s_20.png */; };
		E5BDCE751F162CA3006F5749 /* s_21.png in Resources */ = {isa = PBXBuildFile; fileRef = E5BDCE151F162CA2006F5749 /* s_21.png */; };
		E5BDCE761F162CA3006F5749 /* s_22.png in Resources */ = {isa = PBXBuildFile; fileRef = E5BDCE161F162CA2006F5749 /* s_22.png */; };
		E5BDCE771F162CA3006F5749 /* s_23.png in Resources */ = {isa = PBXBuildFile; fileRef = E5BDCE171F162CA2006F5749 /* s_23.png */; };
		E5BDCE781F162CA3006F5749 /* s_24.png in Resources */ = {isa = PBXBuildFile; fileRef = E5BDCE181F162CA2006F5749 /* s_24.png */; };
		E5BDCE791F162CA3006F5749 /* s_25.png in Resources */ = {isa = PBXBuildFile; fileRef = E5BDCE191F162CA2006F5749 /* s_25.png */; };
		E5BDCE7A1F162CA3006F5749 /* s_26.png in Resources */ = {isa = PBXBuildFile; fileRef = E5BDCE1A1F162CA2006F5749 /* s_26.png */; };
		E5BDCE7B1F162CA3006F5749 /* s_27.png in Resources */ = {isa = PBXBuildFile; fileRef = E5BDCE1B1F162CA2006F5749 /* s_27.png */; };
		E5BDCE7C1F162CA3006F5749 /* s_28.png in Resources */ = {isa = PBXBuildFile; fileRef = E5BDCE1C1F162CA2006F5749 /* s_28.png */; };
		E5BDCE7D1F162CA3006F5749 /* s_29.png in Resources */ = {isa = PBXBuildFile; fileRef = E5BDCE1D1F162CA2006F5749 /* s_29.png */; };
		E5BDCE7E1F162CA3006F5749 /* s_3.png in Resources */ = {isa = PBXBuildFile; fileRef = E5BDCE1E1F162CA2006F5749 /* s_3.png */; };
		E5BDCE7F1F162CA3006F5749 /* s_30.png in Resources */ = {isa = PBXBuildFile; fileRef = E5BDCE1F1F162CA2006F5749 /* s_30.png */; };
		E5BDCE801F162CA3006F5749 /* s_4.png in Resources */ = {isa = PBXBuildFile; fileRef = E5BDCE201F162CA2006F5749 /* s_4.png */; };
		E5BDCE811F162CA3006F5749 /* s_5.png in Resources */ = {isa = PBXBuildFile; fileRef = E5BDCE211F162CA2006F5749 /* s_5.png */; };
		E5BDCE821F162CA3006F5749 /* s_6.png in Resources */ = {isa = PBXBuildFile; fileRef = E5BDCE221F162CA2006F5749 /* s_6.png */; };
		E5BDCE831F162CA3006F5749 /* s_7.png in Resources */ = {isa = PBXBuildFile; fileRef = E5BDCE231F162CA2006F5749 /* s_7.png */; };
		E5BDCE841F162CA3006F5749 /* s_8.png in Resources */ = {isa = PBXBuildFile; fileRef = E5BDCE241F162CA2006F5749 /* s_8.png */; };
		E5BDCE851F162CA3006F5749 /* s_9.png in Resources */ = {isa = PBXBuildFile; fileRef = E5BDCE251F162CA3006F5749 /* s_9.png */; };
		E5BDCE861F162CA3006F5749 /* n_0.png in Resources */ = {isa = PBXBuildFile; fileRef = E5BDCE271F162CA3006F5749 /* n_0.png */; };
		E5BDCE871F162CA3006F5749 /* n_1.png in Resources */ = {isa = PBXBuildFile; fileRef = E5BDCE281F162CA3006F5749 /* n_1.png */; };
		E5BDCE881F162CA3006F5749 /* n_10.png in Resources */ = {isa = PBXBuildFile; fileRef = E5BDCE291F162CA3006F5749 /* n_10.png */; };
		E5BDCE891F162CA3006F5749 /* n_11.png in Resources */ = {isa = PBXBuildFile; fileRef = E5BDCE2A1F162CA3006F5749 /* n_11.png */; };
		E5BDCE8A1F162CA3006F5749 /* n_12.png in Resources */ = {isa = PBXBuildFile; fileRef = E5BDCE2B1F162CA3006F5749 /* n_12.png */; };
		E5BDCE8B1F162CA3006F5749 /* n_13.png in Resources */ = {isa = PBXBuildFile; fileRef = E5BDCE2C1F162CA3006F5749 /* n_13.png */; };
		E5BDCE8C1F162CA3006F5749 /* n_14.png in Resources */ = {isa = PBXBuildFile; fileRef = E5BDCE2D1F162CA3006F5749 /* n_14.png */; };
		E5BDCE8D1F162CA3006F5749 /* n_15.png in Resources */ = {isa = PBXBuildFile; fileRef = E5BDCE2E1F162CA3006F5749 /* n_15.png */; };
		E5BDCE8E1F162CA3006F5749 /* n_16.png in Resources */ = {isa = PBXBuildFile; fileRef = E5BDCE2F1F162CA3006F5749 /* n_16.png */; };
		E5BDCE8F1F162CA3006F5749 /* n_17.png in Resources */ = {isa = PBXBuildFile; fileRef = E5BDCE301F162CA3006F5749 /* n_17.png */; };
		E5BDCE901F162CA3006F5749 /* n_18.png in Resources */ = {isa = PBXBuildFile; fileRef = E5BDCE311F162CA3006F5749 /* n_18.png */; };
		E5BDCE911F162CA3006F5749 /* n_19.png in Resources */ = {isa = PBXBuildFile; fileRef = E5BDCE321F162CA3006F5749 /* n_19.png */; };
		E5BDCE921F162CA3006F5749 /* n_2.png in Resources */ = {isa = PBXBuildFile; fileRef = E5BDCE331F162CA3006F5749 /* n_2.png */; };
		E5BDCE931F162CA3006F5749 /* n_20.png in Resources */ = {isa = PBXBuildFile; fileRef = E5BDCE341F162CA3006F5749 /* n_20.png */; };
		E5BDCE941F162CA3006F5749 /* n_21.png in Resources */ = {isa = PBXBuildFile; fileRef = E5BDCE351F162CA3006F5749 /* n_21.png */; };
		E5BDCE951F162CA3006F5749 /* n_22.png in Resources */ = {isa = PBXBuildFile; fileRef = E5BDCE361F162CA3006F5749 /* n_22.png */; };
		E5BDCE961F162CA3006F5749 /* n_23.png in Resources */ = {isa = PBXBuildFile; fileRef = E5BDCE371F162CA3006F5749 /* n_23.png */; };
		E5BDCE971F162CA3006F5749 /* n_24.png in Resources */ = {isa = PBXBuildFile; fileRef = E5BDCE381F162CA3006F5749 /* n_24.png */; };
		E5BDCE981F162CA3006F5749 /* n_25.png in Resources */ = {isa = PBXBuildFile; fileRef = E5BDCE391F162CA3006F5749 /* n_25.png */; };
		E5BDCE991F162CA3006F5749 /* n_26.png in Resources */ = {isa = PBXBuildFile; fileRef = E5BDCE3A1F162CA3006F5749 /* n_26.png */; };
		E5BDCE9A1F162CA3006F5749 /* n_27.png in Resources */ = {isa = PBXBuildFile; fileRef = E5BDCE3B1F162CA3006F5749 /* n_27.png */; };
		E5BDCE9B1F162CA3006F5749 /* n_28.png in Resources */ = {isa = PBXBuildFile; fileRef = E5BDCE3C1F162CA3006F5749 /* n_28.png */; };
		E5BDCE9C1F162CA3006F5749 /* n_29.png in Resources */ = {isa = PBXBuildFile; fileRef = E5BDCE3D1F162CA3006F5749 /* n_29.png */; };
		E5BDCE9D1F162CA3006F5749 /* n_3.png in Resources */ = {isa = PBXBuildFile; fileRef = E5BDCE3E1F162CA3006F5749 /* n_3.png */; };
		E5BDCE9E1F162CA3006F5749 /* n_30.png in Resources */ = {isa = PBXBuildFile; fileRef = E5BDCE3F1F162CA3006F5749 /* n_30.png */; };
		E5BDCE9F1F162CA3006F5749 /* n_4.png in Resources */ = {isa = PBXBuildFile; fileRef = E5BDCE401F162CA3006F5749 /* n_4.png */; };
		E5BDCEA01F162CA3006F5749 /* n_5.png in Resources */ = {isa = PBXBuildFile; fileRef = E5BDCE411F162CA3006F5749 /* n_5.png */; };
		E5BDCEA11F162CA3006F5749 /* n_6.png in Resources */ = {isa = PBXBuildFile; fileRef = E5BDCE421F162CA3006F5749 /* n_6.png */; };
		E5BDCEA21F162CA3006F5749 /* n_7.png in Resources */ = {isa = PBXBuildFile; fileRef = E5BDCE431F162CA3006F5749 /* n_7.png */; };
		E5BDCEA31F162CA3006F5749 /* n_8.png in Resources */ = {isa = PBXBuildFile; fileRef = E5BDCE441F162CA3006F5749 /* n_8.png */; };
		E5BDCEA41F162CA3006F5749 /* n_9.png in Resources */ = {isa = PBXBuildFile; fileRef = E5BDCE451F162CA3006F5749 /* n_9.png */; };
		E5E558981F14B8F7008559D8 /* VideoToolbox.framework in Frameworks */ = {isa = PBXBuildFile; fileRef = E5541A5E1F14B5AD00035C20 /* VideoToolbox.framework */; };
		E5E558991F14B8FD008559D8 /* libz.tbd in Frameworks */ = {isa = PBXBuildFile; fileRef = E5541A5F1F14B5B200035C20 /* libz.tbd */; };
		E5E559311F14BB1F008559D8 /* skyrim360.mp4 in Resources */ = {isa = PBXBuildFile; fileRef = E5E559301F14BB0D008559D8 /* skyrim360.mp4 */; };
		E5E559351F14C0CF008559D8 /* SZT_IJKPlayerDemo.m in Sources */ = {isa = PBXBuildFile; fileRef = E5E559331F14C0BA008559D8 /* SZT_IJKPlayerDemo.m */; };
		E5E559381F14C35B008559D8 /* SZT_ModeDisplayDemo.m in Sources */ = {isa = PBXBuildFile; fileRef = E5E559361F14C356008559D8 /* SZT_ModeDisplayDemo.m */; };
		E5E559781F14C4A2008559D8 /* Foundation+Log.m in Sources */ = {isa = PBXBuildFile; fileRef = E5E5594A1F14C482008559D8 /* Foundation+Log.m */; };
		E5E559791F14C4A2008559D8 /* UIView+Extension.m in Sources */ = {isa = PBXBuildFile; fileRef = E5E5594C1F14C482008559D8 /* UIView+Extension.m */; };
		E5E5597A1F14C4A2008559D8 /* action.m in Sources */ = {isa = PBXBuildFile; fileRef = E5E5594F1F14C482008559D8 /* action.m */; };
		E5E5597B1F14C4A2008559D8 /* material.m in Sources */ = {isa = PBXBuildFile; fileRef = E5E559511F14C482008559D8 /* material.m */; };
		E5E5597C1F14C4A2008559D8 /* objects.m in Sources */ = {isa = PBXBuildFile; fileRef = E5E559531F14C482008559D8 /* objects.m */; };
		E5E5597D1F14C4A2008559D8 /* properties.m in Sources */ = {isa = PBXBuildFile; fileRef = E5E559551F14C482008559D8 /* properties.m */; };
		E5E5597E1F14C4A2008559D8 /* scene.m in Sources */ = {isa = PBXBuildFile; fileRef = E5E559571F14C482008559D8 /* scene.m */; };
		E5E5597F1F14C4A2008559D8 /* vrkongfu.m in Sources */ = {isa = PBXBuildFile; fileRef = E5E5595A1F14C482008559D8 /* vrkongfu.m */; };
		E5E559801F14C4A2008559D8 /* widget.m in Sources */ = {isa = PBXBuildFile; fileRef = E5E5595C1F14C482008559D8 /* widget.m */; };
		E5E559811F14C4AF008559D8 /* default_logo.vrkongfu in Resources */ = {isa = PBXBuildFile; fileRef = E5E559721F14C482008559D8 /* default_logo.vrkongfu */; };
		E5E559821F14C4AF008559D8 /* focus_loading.png in Resources */ = {isa = PBXBuildFile; fileRef = E5E559731F14C482008559D8 /* focus_loading.png */; };
		E5E559831F14C4AF008559D8 /* placeholder.png in Resources */ = {isa = PBXBuildFile; fileRef = E5E559741F14C482008559D8 /* placeholder.png */; };
		E5E559841F14C4AF008559D8 /* placeholderBack.jpg in Resources */ = {isa = PBXBuildFile; fileRef = E5E559751F14C482008559D8 /* placeholderBack.jpg */; };
		E5E559871F14C530008559D8 /* SZT_ModeInteractiveDemo.m in Sources */ = {isa = PBXBuildFile; fileRef = E5E559861F14C4F7008559D8 /* SZT_ModeInteractiveDemo.m */; };
		E5E5598A1F14C66B008559D8 /* SZT_Animation3DDemo.m in Sources */ = {isa = PBXBuildFile; fileRef = E5E559891F14C664008559D8 /* SZT_Animation3DDemo.m */; };
		E5E5598C1F14C6D8008559D8 /* vrbackbround.jpg in Resources */ = {isa = PBXBuildFile; fileRef = E5E5598B1F14C6D1008559D8 /* vrbackbround.jpg */; };
		E5E5598E1F14C7AA008559D8 /* pic.jpg in Resources */ = {isa = PBXBuildFile; fileRef = E5E5598D1F14C738008559D8 /* pic.jpg */; };
		E5E559911F14CAB4008559D8 /* SZT_ImageViewDemo.m in Sources */ = {isa = PBXBuildFile; fileRef = E5E5598F1F14CAAA008559D8 /* SZT_ImageViewDemo.m */; };
		E5E559941F14CD71008559D8 /* SZT_GifDemo.m in Sources */ = {isa = PBXBuildFile; fileRef = E5E559921F14CD6B008559D8 /* SZT_GifDemo.m */; };
		E5E559961F14CEA2008559D8 /* gifTest.gif in Resources */ = {isa = PBXBuildFile; fileRef = E5E559951F14CE99008559D8 /* gifTest.gif */; };
		E5E5599B1F14D166008559D8 /* SZT_3DModel.m in Sources */ = {isa = PBXBuildFile; fileRef = E5E5599A1F14D15B008559D8 /* SZT_3DModel.m */; };
		E5E559A01F14D35A008559D8 /* cole.jpeg in Resources */ = {isa = PBXBuildFile; fileRef = E5E5599C1F14D34F008559D8 /* cole.jpeg */; };
		E5E559A11F14D35A008559D8 /* cole.obj in Resources */ = {isa = PBXBuildFile; fileRef = E5E5599D1F14D34F008559D8 /* cole.obj */; };
		E5E559A21F14D35A008559D8 /* Squelette.jpg in Resources */ = {isa = PBXBuildFile; fileRef = E5E5599F1F14D34F008559D8 /* Squelette.jpg */; };
		E5E559A31F14D35A008559D8 /* Squelette.md2 in Resources */ = {isa = PBXBuildFile; fileRef = E5E5599E1F14D34F008559D8 /* Squelette.md2 */; };
		E5E559A61F14D3E1008559D8 /* SZT_DistortionDemo.m in Sources */ = {isa = PBXBuildFile; fileRef = E5E559A51F14D3D7008559D8 /* SZT_DistortionDemo.m */; };
/* End PBXBuildFile section */

/* Begin PBXFileReference section */
		E5176A561F15CA8A00A94F78 /* OpenGLES.framework */ = {isa = PBXFileReference; lastKnownFileType = wrapper.framework; name = OpenGLES.framework; path = System/Library/Frameworks/OpenGLES.framework; sourceTree = SDKROOT; };
		E5176A581F15CA9100A94F78 /* OpenAL.framework */ = {isa = PBXFileReference; lastKnownFileType = wrapper.framework; name = OpenAL.framework; path = System/Library/Frameworks/OpenAL.framework; sourceTree = SDKROOT; };
		E55419FD1F14B45500035C20 /* VR_Example.app */ = {isa = PBXFileReference; explicitFileType = wrapper.application; includeInIndex = 0; path = VR_Example.app; sourceTree = BUILT_PRODUCTS_DIR; };
		E5541A001F14B45500035C20 /* AppDelegate.h */ = {isa = PBXFileReference; lastKnownFileType = sourcecode.c.h; path = AppDelegate.h; sourceTree = "<group>"; };
		E5541A011F14B45500035C20 /* AppDelegate.m */ = {isa = PBXFileReference; lastKnownFileType = sourcecode.c.objc; path = AppDelegate.m; sourceTree = "<group>"; };
		E5541A091F14B45500035C20 /* Assets.xcassets */ = {isa = PBXFileReference; lastKnownFileType = folder.assetcatalog; path = Assets.xcassets; sourceTree = "<group>"; };
		E5541A0C1F14B45500035C20 /* Base */ = {isa = PBXFileReference; lastKnownFileType = file.storyboard; name = Base; path = Base.lproj/LaunchScreen.storyboard; sourceTree = "<group>"; };
		E5541A0E1F14B45500035C20 /* Info.plist */ = {isa = PBXFileReference; lastKnownFileType = text.plist.xml; path = Info.plist; sourceTree = "<group>"; };
		E5541A0F1F14B45500035C20 /* main.m */ = {isa = PBXFileReference; lastKnownFileType = sourcecode.c.objc; path = main.m; sourceTree = "<group>"; };
		E5541A161F14B4A100035C20 /* SZTViewController.h */ = {isa = PBXFileReference; lastKnownFileType = sourcecode.c.h; path = SZTViewController.h; sourceTree = "<group>"; };
		E5541A171F14B4A100035C20 /* SZTViewController.m */ = {isa = PBXFileReference; lastKnownFileType = sourcecode.c.objc; path = SZTViewController.m; sourceTree = "<group>"; };
		E5541A5E1F14B5AD00035C20 /* VideoToolbox.framework */ = {isa = PBXFileReference; lastKnownFileType = wrapper.framework; name = VideoToolbox.framework; path = System/Library/Frameworks/VideoToolbox.framework; sourceTree = SDKROOT; };
		E5541A5F1F14B5B200035C20 /* libz.tbd */ = {isa = PBXFileReference; lastKnownFileType = "sourcecode.text-based-dylib-definition"; name = libz.tbd; path = usr/lib/libz.tbd; sourceTree = SDKROOT; };
		E5541A6D1F14B74500035C20 /* SZT_AVPlayerDemo.h */ = {isa = PBXFileReference; lastKnownFileType = sourcecode.c.h; path = SZT_AVPlayerDemo.h; sourceTree = "<group>"; };
		E5541A6E1F14B74500035C20 /* BaseViewControllerDemo.m */ = {isa = PBXFileReference; lastKnownFileType = sourcecode.c.objc; path = BaseViewControllerDemo.m; sourceTree = "<group>"; };
		E5541A6F1F14B74500035C20 /* BaseViewControllerDemo.h */ = {isa = PBXFileReference; lastKnownFileType = sourcecode.c.h; path = BaseViewControllerDemo.h; sourceTree = "<group>"; };
		E5541A701F14B74500035C20 /* SZT_AVPlayerDemo.m */ = {isa = PBXFileReference; lastKnownFileType = sourcecode.c.objc; path = SZT_AVPlayerDemo.m; sourceTree = "<group>"; };
		E56DF8851F15C45100780FCC /* SZT_3DAudio.m */ = {isa = PBXFileReference; lastKnownFileType = sourcecode.c.objc; path = SZT_3DAudio.m; sourceTree = "<group>"; };
		E56DF8861F15C45100780FCC /* SZT_3DAudio.h */ = {isa = PBXFileReference; lastKnownFileType = sourcecode.c.h; path = SZT_3DAudio.h; sourceTree = "<group>"; };
		E56DF8881F15C5A600780FCC /* sound.mp3 */ = {isa = PBXFileReference; lastKnownFileType = audio.mp3; path = sound.mp3; sourceTree = "<group>"; };
		E5BDCDD91F15DBA7006F5749 /* SZT_LabelDemo.h */ = {isa = PBXFileReference; fileEncoding = 4; lastKnownFileType = sourcecode.c.h; path = SZT_LabelDemo.h; sourceTree = "<group>"; };
		E5BDCDDA1F15DBA7006F5749 /* SZT_LabelDemo.m */ = {isa = PBXFileReference; fileEncoding = 4; lastKnownFileType = sourcecode.c.objc; path = SZT_LabelDemo.m; sourceTree = "<group>"; };
		E5BDCDDC1F15E55D006F5749 /* SZT_TouchDemo.h */ = {isa = PBXFileReference; fileEncoding = 4; lastKnownFileType = sourcecode.c.h; path = SZT_TouchDemo.h; sourceTree = "<group>"; };
		E5BDCDDD1F15E55D006F5749 /* SZT_TouchDemo.m */ = {isa = PBXFileReference; fileEncoding = 4; lastKnownFileType = sourcecode.c.objc; path = SZT_TouchDemo.m; sourceTree = "<group>"; };
		E5BDCDDF1F162B63006F5749 /* SZT_TextViewDemo.h */ = {isa = PBXFileReference; fileEncoding = 4; lastKnownFileType = sourcecode.c.h; path = SZT_TextViewDemo.h; sourceTree = "<group>"; };
		E5BDCDE01F162B63006F5749 /* SZT_TextViewDemo.m */ = {isa = PBXFileReference; fileEncoding = 4; lastKnownFileType = sourcecode.c.objc; path = SZT_TextViewDemo.m; sourceTree = "<group>"; };
		E5BDCDE21F162C28006F5749 /* SZTKeyBoardBar.h */ = {isa = PBXFileReference; fileEncoding = 4; lastKnownFileType = sourcecode.c.h; path = SZTKeyBoardBar.h; sourceTree = "<group>"; };
		E5BDCDE51F162CA2006F5749 /* b_0.png */ = {isa = PBXFileReference; lastKnownFileType = image.png; path = b_0.png; sourceTree = "<group>"; };
		E5BDCDE61F162CA2006F5749 /* b_1.png */ = {isa = PBXFileReference; lastKnownFileType = image.png; path = b_1.png; sourceTree = "<group>"; };
		E5BDCDE71F162CA2006F5749 /* b_10.png */ = {isa = PBXFileReference; lastKnownFileType = image.png; path = b_10.png; sourceTree = "<group>"; };
		E5BDCDE81F162CA2006F5749 /* b_11.png */ = {isa = PBXFileReference; lastKnownFileType = image.png; path = b_11.png; sourceTree = "<group>"; };
		E5BDCDE91F162CA2006F5749 /* b_12.png */ = {isa = PBXFileReference; lastKnownFileType = image.png; path = b_12.png; sourceTree = "<group>"; };
		E5BDCDEA1F162CA2006F5749 /* b_13.png */ = {isa = PBXFileReference; lastKnownFileType = image.png; path = b_13.png; sourceTree = "<group>"; };
		E5BDCDEB1F162CA2006F5749 /* b_14.png */ = {isa = PBXFileReference; lastKnownFileType = image.png; path = b_14.png; sourceTree = "<group>"; };
		E5BDCDEC1F162CA2006F5749 /* b_15.png */ = {isa = PBXFileReference; lastKnownFileType = image.png; path = b_15.png; sourceTree = "<group>"; };
		E5BDCDED1F162CA2006F5749 /* b_16.png */ = {isa = PBXFileReference; lastKnownFileType = image.png; path = b_16.png; sourceTree = "<group>"; };
		E5BDCDEE1F162CA2006F5749 /* b_17.png */ = {isa = PBXFileReference; lastKnownFileType = image.png; path = b_17.png; sourceTree = "<group>"; };
		E5BDCDEF1F162CA2006F5749 /* b_18.png */ = {isa = PBXFileReference; lastKnownFileType = image.png; path = b_18.png; sourceTree = "<group>"; };
		E5BDCDF01F162CA2006F5749 /* b_19.png */ = {isa = PBXFileReference; lastKnownFileType = image.png; path = b_19.png; sourceTree = "<group>"; };
		E5BDCDF11F162CA2006F5749 /* b_2.png */ = {isa = PBXFileReference; lastKnownFileType = image.png; path = b_2.png; sourceTree = "<group>"; };
		E5BDCDF21F162CA2006F5749 /* b_20.png */ = {isa = PBXFileReference; lastKnownFileType = image.png; path = b_20.png; sourceTree = "<group>"; };
		E5BDCDF31F162CA2006F5749 /* b_21.png */ = {isa = PBXFileReference; lastKnownFileType = image.png; path = b_21.png; sourceTree = "<group>"; };
		E5BDCDF41F162CA2006F5749 /* b_22.png */ = {isa = PBXFileReference; lastKnownFileType = image.png; path = b_22.png; sourceTree = "<group>"; };
		E5BDCDF51F162CA2006F5749 /* b_23.png */ = {isa = PBXFileReference; lastKnownFileType = image.png; path = b_23.png; sourceTree = "<group>"; };
		E5BDCDF61F162CA2006F5749 /* b_24.png */ = {isa = PBXFileReference; lastKnownFileType = image.png; path = b_24.png; sourceTree = "<group>"; };
		E5BDCDF71F162CA2006F5749 /* b_25.png */ = {isa = PBXFileReference; lastKnownFileType = image.png; path = b_25.png; sourceTree = "<group>"; };
		E5BDCDF81F162CA2006F5749 /* b_26.png */ = {isa = PBXFileReference; lastKnownFileType = image.png; path = b_26.png; sourceTree = "<group>"; };
		E5BDCDF91F162CA2006F5749 /* b_27.png */ = {isa = PBXFileReference; lastKnownFileType = image.png; path = b_27.png; sourceTree = "<group>"; };
		E5BDCDFA1F162CA2006F5749 /* b_28.png */ = {isa = PBXFileReference; lastKnownFileType = image.png; path = b_28.png; sourceTree = "<group>"; };
		E5BDCDFB1F162CA2006F5749 /* b_29.png */ = {isa = PBXFileReference; lastKnownFileType = image.png; path = b_29.png; sourceTree = "<group>"; };
		E5BDCDFC1F162CA2006F5749 /* b_3.png */ = {isa = PBXFileReference; lastKnownFileType = image.png; path = b_3.png; sourceTree = "<group>"; };
		E5BDCDFD1F162CA2006F5749 /* b_30.png */ = {isa = PBXFileReference; lastKnownFileType = image.png; path = b_30.png; sourceTree = "<group>"; };
		E5BDCDFE1F162CA2006F5749 /* b_4.png */ = {isa = PBXFileReference; lastKnownFileType = image.png; path = b_4.png; sourceTree = "<group>"; };
		E5BDCDFF1F162CA2006F5749 /* b_5.png */ = {isa = PBXFileReference; lastKnownFileType = image.png; path = b_5.png; sourceTree = "<group>"; };
		E5BDCE001F162CA2006F5749 /* b_6.png */ = {isa = PBXFileReference; lastKnownFileType = image.png; path = b_6.png; sourceTree = "<group>"; };
		E5BDCE011F162CA2006F5749 /* b_7.png */ = {isa = PBXFileReference; lastKnownFileType = image.png; path = b_7.png; sourceTree = "<group>"; };
		E5BDCE021F162CA2006F5749 /* b_8.png */ = {isa = PBXFileReference; lastKnownFileType = image.png; path = b_8.png; sourceTree = "<group>"; };
		E5BDCE031F162CA2006F5749 /* b_9.png */ = {isa = PBXFileReference; lastKnownFileType = image.png; path = b_9.png; sourceTree = "<group>"; };
		E5BDCE051F162CA2006F5749 /* background-.png */ = {isa = PBXFileReference; lastKnownFileType = image.png; path = "background-.png"; sourceTree = "<group>"; };
		E5BDCE061F162CA2006F5749 /* background.png */ = {isa = PBXFileReference; lastKnownFileType = image.png; path = background.png; sourceTree = "<group>"; };
		E5BDCE071F162CA2006F5749 /* s_0.png */ = {isa = PBXFileReference; lastKnownFileType = image.png; path = s_0.png; sourceTree = "<group>"; };
		E5BDCE081F162CA2006F5749 /* s_1.png */ = {isa = PBXFileReference; lastKnownFileType = image.png; path = s_1.png; sourceTree = "<group>"; };
		E5BDCE091F162CA2006F5749 /* s_10.png */ = {isa = PBXFileReference; lastKnownFileType = image.png; path = s_10.png; sourceTree = "<group>"; };
		E5BDCE0A1F162CA2006F5749 /* s_11.png */ = {isa = PBXFileReference; lastKnownFileType = image.png; path = s_11.png; sourceTree = "<group>"; };
		E5BDCE0B1F162CA2006F5749 /* s_12.png */ = {isa = PBXFileReference; lastKnownFileType = image.png; path = s_12.png; sourceTree = "<group>"; };
		E5BDCE0C1F162CA2006F5749 /* s_13.png */ = {isa = PBXFileReference; lastKnownFileType = image.png; path = s_13.png; sourceTree = "<group>"; };
		E5BDCE0D1F162CA2006F5749 /* s_14.png */ = {isa = PBXFileReference; lastKnownFileType = image.png; path = s_14.png; sourceTree = "<group>"; };
		E5BDCE0E1F162CA2006F5749 /* s_15.png */ = {isa = PBXFileReference; lastKnownFileType = image.png; path = s_15.png; sourceTree = "<group>"; };
		E5BDCE0F1F162CA2006F5749 /* s_16.png */ = {isa = PBXFileReference; lastKnownFileType = image.png; path = s_16.png; sourceTree = "<group>"; };
		E5BDCE101F162CA2006F5749 /* s_17.png */ = {isa = PBXFileReference; lastKnownFileType = image.png; path = s_17.png; sourceTree = "<group>"; };
		E5BDCE111F162CA2006F5749 /* s_18.png */ = {isa = PBXFileReference; lastKnownFileType = image.png; path = s_18.png; sourceTree = "<group>"; };
		E5BDCE121F162CA2006F5749 /* s_19.png */ = {isa = PBXFileReference; lastKnownFileType = image.png; path = s_19.png; sourceTree = "<group>"; };
		E5BDCE131F162CA2006F5749 /* s_2.png */ = {isa = PBXFileReference; lastKnownFileType = image.png; path = s_2.png; sourceTree = "<group>"; };
		E5BDCE141F162CA2006F5749 /* s_20.png */ = {isa = PBXFileReference; lastKnownFileType = image.png; path = s_20.png; sourceTree = "<group>"; };
		E5BDCE151F162CA2006F5749 /* s_21.png */ = {isa = PBXFileReference; lastKnownFileType = image.png; path = s_21.png; sourceTree = "<group>"; };
		E5BDCE161F162CA2006F5749 /* s_22.png */ = {isa = PBXFileReference; lastKnownFileType = image.png; path = s_22.png; sourceTree = "<group>"; };
		E5BDCE171F162CA2006F5749 /* s_23.png */ = {isa = PBXFileReference; lastKnownFileType = image.png; path = s_23.png; sourceTree = "<group>"; };
		E5BDCE181F162CA2006F5749 /* s_24.png */ = {isa = PBXFileReference; lastKnownFileType = image.png; path = s_24.png; sourceTree = "<group>"; };
		E5BDCE191F162CA2006F5749 /* s_25.png */ = {isa = PBXFileReference; lastKnownFileType = image.png; path = s_25.png; sourceTree = "<group>"; };
		E5BDCE1A1F162CA2006F5749 /* s_26.png */ = {isa = PBXFileReference; lastKnownFileType = image.png; path = s_26.png; sourceTree = "<group>"; };
		E5BDCE1B1F162CA2006F5749 /* s_27.png */ = {isa = PBXFileReference; lastKnownFileType = image.png; path = s_27.png; sourceTree = "<group>"; };
		E5BDCE1C1F162CA2006F5749 /* s_28.png */ = {isa = PBXFileReference; lastKnownFileType = image.png; path = s_28.png; sourceTree = "<group>"; };
		E5BDCE1D1F162CA2006F5749 /* s_29.png */ = {isa = PBXFileReference; lastKnownFileType = image.png; path = s_29.png; sourceTree = "<group>"; };
		E5BDCE1E1F162CA2006F5749 /* s_3.png */ = {isa = PBXFileReference; lastKnownFileType = image.png; path = s_3.png; sourceTree = "<group>"; };
		E5BDCE1F1F162CA2006F5749 /* s_30.png */ = {isa = PBXFileReference; lastKnownFileType = image.png; path = s_30.png; sourceTree = "<group>"; };
		E5BDCE201F162CA2006F5749 /* s_4.png */ = {isa = PBXFileReference; lastKnownFileType = image.png; path = s_4.png; sourceTree = "<group>"; };
		E5BDCE211F162CA2006F5749 /* s_5.png */ = {isa = PBXFileReference; lastKnownFileType = image.png; path = s_5.png; sourceTree = "<group>"; };
		E5BDCE221F162CA2006F5749 /* s_6.png */ = {isa = PBXFileReference; lastKnownFileType = image.png; path = s_6.png; sourceTree = "<group>"; };
		E5BDCE231F162CA2006F5749 /* s_7.png */ = {isa = PBXFileReference; lastKnownFileType = image.png; path = s_7.png; sourceTree = "<group>"; };
		E5BDCE241F162CA2006F5749 /* s_8.png */ = {isa = PBXFileReference; lastKnownFileType = image.png; path = s_8.png; sourceTree = "<group>"; };
		E5BDCE251F162CA3006F5749 /* s_9.png */ = {isa = PBXFileReference; lastKnownFileType = image.png; path = s_9.png; sourceTree = "<group>"; };
		E5BDCE271F162CA3006F5749 /* n_0.png */ = {isa = PBXFileReference; lastKnownFileType = image.png; path = n_0.png; sourceTree = "<group>"; };
		E5BDCE281F162CA3006F5749 /* n_1.png */ = {isa = PBXFileReference; lastKnownFileType = image.png; path = n_1.png; sourceTree = "<group>"; };
		E5BDCE291F162CA3006F5749 /* n_10.png */ = {isa = PBXFileReference; lastKnownFileType = image.png; path = n_10.png; sourceTree = "<group>"; };
		E5BDCE2A1F162CA3006F5749 /* n_11.png */ = {isa = PBXFileReference; lastKnownFileType = image.png; path = n_11.png; sourceTree = "<group>"; };
		E5BDCE2B1F162CA3006F5749 /* n_12.png */ = {isa = PBXFileReference; lastKnownFileType = image.png; path = n_12.png; sourceTree = "<group>"; };
		E5BDCE2C1F162CA3006F5749 /* n_13.png */ = {isa = PBXFileReference; lastKnownFileType = image.png; path = n_13.png; sourceTree = "<group>"; };
		E5BDCE2D1F162CA3006F5749 /* n_14.png */ = {isa = PBXFileReference; lastKnownFileType = image.png; path = n_14.png; sourceTree = "<group>"; };
		E5BDCE2E1F162CA3006F5749 /* n_15.png */ = {isa = PBXFileReference; lastKnownFileType = image.png; path = n_15.png; sourceTree = "<group>"; };
		E5BDCE2F1F162CA3006F5749 /* n_16.png */ = {isa = PBXFileReference; lastKnownFileType = image.png; path = n_16.png; sourceTree = "<group>"; };
		E5BDCE301F162CA3006F5749 /* n_17.png */ = {isa = PBXFileReference; lastKnownFileType = image.png; path = n_17.png; sourceTree = "<group>"; };
		E5BDCE311F162CA3006F5749 /* n_18.png */ = {isa = PBXFileReference; lastKnownFileType = image.png; path = n_18.png; sourceTree = "<group>"; };
		E5BDCE321F162CA3006F5749 /* n_19.png */ = {isa = PBXFileReference; lastKnownFileType = image.png; path = n_19.png; sourceTree = "<group>"; };
		E5BDCE331F162CA3006F5749 /* n_2.png */ = {isa = PBXFileReference; lastKnownFileType = image.png; path = n_2.png; sourceTree = "<group>"; };
		E5BDCE341F162CA3006F5749 /* n_20.png */ = {isa = PBXFileReference; lastKnownFileType = image.png; path = n_20.png; sourceTree = "<group>"; };
		E5BDCE351F162CA3006F5749 /* n_21.png */ = {isa = PBXFileReference; lastKnownFileType = image.png; path = n_21.png; sourceTree = "<group>"; };
		E5BDCE361F162CA3006F5749 /* n_22.png */ = {isa = PBXFileReference; lastKnownFileType = image.png; path = n_22.png; sourceTree = "<group>"; };
		E5BDCE371F162CA3006F5749 /* n_23.png */ = {isa = PBXFileReference; lastKnownFileType = image.png; path = n_23.png; sourceTree = "<group>"; };
		E5BDCE381F162CA3006F5749 /* n_24.png */ = {isa = PBXFileReference; lastKnownFileType = image.png; path = n_24.png; sourceTree = "<group>"; };
		E5BDCE391F162CA3006F5749 /* n_25.png */ = {isa = PBXFileReference; lastKnownFileType = image.png; path = n_25.png; sourceTree = "<group>"; };
		E5BDCE3A1F162CA3006F5749 /* n_26.png */ = {isa = PBXFileReference; lastKnownFileType = image.png; path = n_26.png; sourceTree = "<group>"; };
		E5BDCE3B1F162CA3006F5749 /* n_27.png */ = {isa = PBXFileReference; lastKnownFileType = image.png; path = n_27.png; sourceTree = "<group>"; };
		E5BDCE3C1F162CA3006F5749 /* n_28.png */ = {isa = PBXFileReference; lastKnownFileType = image.png; path = n_28.png; sourceTree = "<group>"; };
		E5BDCE3D1F162CA3006F5749 /* n_29.png */ = {isa = PBXFileReference; lastKnownFileType = image.png; path = n_29.png; sourceTree = "<group>"; };
		E5BDCE3E1F162CA3006F5749 /* n_3.png */ = {isa = PBXFileReference; lastKnownFileType = image.png; path = n_3.png; sourceTree = "<group>"; };
		E5BDCE3F1F162CA3006F5749 /* n_30.png */ = {isa = PBXFileReference; lastKnownFileType = image.png; path = n_30.png; sourceTree = "<group>"; };
		E5BDCE401F162CA3006F5749 /* n_4.png */ = {isa = PBXFileReference; lastKnownFileType = image.png; path = n_4.png; sourceTree = "<group>"; };
		E5BDCE411F162CA3006F5749 /* n_5.png */ = {isa = PBXFileReference; lastKnownFileType = image.png; path = n_5.png; sourceTree = "<group>"; };
		E5BDCE421F162CA3006F5749 /* n_6.png */ = {isa = PBXFileReference; lastKnownFileType = image.png; path = n_6.png; sourceTree = "<group>"; };
		E5BDCE431F162CA3006F5749 /* n_7.png */ = {isa = PBXFileReference; lastKnownFileType = image.png; path = n_7.png; sourceTree = "<group>"; };
		E5BDCE441F162CA3006F5749 /* n_8.png */ = {isa = PBXFileReference; lastKnownFileType = image.png; path = n_8.png; sourceTree = "<group>"; };
		E5BDCE451F162CA3006F5749 /* n_9.png */ = {isa = PBXFileReference; lastKnownFileType = image.png; path = n_9.png; sourceTree = "<group>"; };
		E5E559301F14BB0D008559D8 /* skyrim360.mp4 */ = {isa = PBXFileReference; lastKnownFileType = file; path = skyrim360.mp4; sourceTree = "<group>"; };
		E5E559331F14C0BA008559D8 /* SZT_IJKPlayerDemo.m */ = {isa = PBXFileReference; lastKnownFileType = sourcecode.c.objc; path = SZT_IJKPlayerDemo.m; sourceTree = "<group>"; };
		E5E559341F14C0BA008559D8 /* SZT_IJKPlayerDemo.h */ = {isa = PBXFileReference; lastKnownFileType = sourcecode.c.h; path = SZT_IJKPlayerDemo.h; sourceTree = "<group>"; };
		E5E559361F14C356008559D8 /* SZT_ModeDisplayDemo.m */ = {isa = PBXFileReference; lastKnownFileType = sourcecode.c.objc; path = SZT_ModeDisplayDemo.m; sourceTree = "<group>"; };
		E5E559371F14C356008559D8 /* SZT_ModeDisplayDemo.h */ = {isa = PBXFileReference; lastKnownFileType = sourcecode.c.h; path = SZT_ModeDisplayDemo.h; sourceTree = "<group>"; };
		E5E5593A1F14C482008559D8 /* IJKMediaFramework.framework */ = {isa = PBXFileReference; lastKnownFileType = wrapper.framework; path = IJKMediaFramework.framework; sourceTree = "<group>"; };
		E5E5593D1F14C482008559D8 /* AABB.h */ = {isa = PBXFileReference; lastKnownFileType = sourcecode.c.h; path = AABB.h; sourceTree = "<group>"; };
		E5E5593E1F14C482008559D8 /* Box.h */ = {isa = PBXFileReference; lastKnownFileType = sourcecode.c.h; path = Box.h; sourceTree = "<group>"; };
		E5E5593F1F14C482008559D8 /* MathC.h */ = {isa = PBXFileReference; lastKnownFileType = sourcecode.c.h; path = MathC.h; sourceTree = "<group>"; };
		E5E559401F14C482008559D8 /* OBB.h */ = {isa = PBXFileReference; lastKnownFileType = sourcecode.c.h; path = OBB.h; sourceTree = "<group>"; };
		E5E559411F14C482008559D8 /* SceneTransitionTool.h */ = {isa = PBXFileReference; lastKnownFileType = sourcecode.c.h; path = SceneTransitionTool.h; sourceTree = "<group>"; };
		E5E559421F14C482008559D8 /* SZTCamera.h */ = {isa = PBXFileReference; lastKnownFileType = sourcecode.c.h; path = SZTCamera.h; sourceTree = "<group>"; };
		E5E559431F14C482008559D8 /* SZTObject3D.h */ = {isa = PBXFileReference; lastKnownFileType = sourcecode.c.h; path = SZTObject3D.h; sourceTree = "<group>"; };
		E5E559441F14C482008559D8 /* SZTProgram.h */ = {isa = PBXFileReference; lastKnownFileType = sourcecode.c.h; path = SZTProgram.h; sourceTree = "<group>"; };
		E5E559451F14C482008559D8 /* SZTTexture.h */ = {isa = PBXFileReference; lastKnownFileType = sourcecode.c.h; path = SZTTexture.h; sourceTree = "<group>"; };
		E5E559461F14C482008559D8 /* SZTTouch.h */ = {isa = PBXFileReference; lastKnownFileType = sourcecode.c.h; path = SZTTouch.h; sourceTree = "<group>"; };
		E5E559471F14C482008559D8 /* VIMVideoPlayer.h */ = {isa = PBXFileReference; lastKnownFileType = sourcecode.c.h; path = VIMVideoPlayer.h; sourceTree = "<group>"; };
		E5E5594A1F14C482008559D8 /* Foundation+Log.m */ = {isa = PBXFileReference; lastKnownFileType = sourcecode.c.objc; path = "Foundation+Log.m"; sourceTree = "<group>"; };
		E5E5594B1F14C482008559D8 /* UIView+Extension.h */ = {isa = PBXFileReference; lastKnownFileType = sourcecode.c.h; path = "UIView+Extension.h"; sourceTree = "<group>"; };
		E5E5594C1F14C482008559D8 /* UIView+Extension.m */ = {isa = PBXFileReference; lastKnownFileType = sourcecode.c.objc; path = "UIView+Extension.m"; sourceTree = "<group>"; };
		E5E5594E1F14C482008559D8 /* action.h */ = {isa = PBXFileReference; lastKnownFileType = sourcecode.c.h; path = action.h; sourceTree = "<group>"; };
		E5E5594F1F14C482008559D8 /* action.m */ = {isa = PBXFileReference; lastKnownFileType = sourcecode.c.objc; path = action.m; sourceTree = "<group>"; };
		E5E559501F14C482008559D8 /* material.h */ = {isa = PBXFileReference; lastKnownFileType = sourcecode.c.h; path = material.h; sourceTree = "<group>"; };
		E5E559511F14C482008559D8 /* material.m */ = {isa = PBXFileReference; lastKnownFileType = sourcecode.c.objc; path = material.m; sourceTree = "<group>"; };
		E5E559521F14C482008559D8 /* objects.h */ = {isa = PBXFileReference; lastKnownFileType = sourcecode.c.h; path = objects.h; sourceTree = "<group>"; };
		E5E559531F14C482008559D8 /* objects.m */ = {isa = PBXFileReference; lastKnownFileType = sourcecode.c.objc; path = objects.m; sourceTree = "<group>"; };
		E5E559541F14C482008559D8 /* properties.h */ = {isa = PBXFileReference; lastKnownFileType = sourcecode.c.h; path = properties.h; sourceTree = "<group>"; };
		E5E559551F14C482008559D8 /* properties.m */ = {isa = PBXFileReference; lastKnownFileType = sourcecode.c.objc; path = properties.m; sourceTree = "<group>"; };
		E5E559561F14C482008559D8 /* scene.h */ = {isa = PBXFileReference; lastKnownFileType = sourcecode.c.h; path = scene.h; sourceTree = "<group>"; };
		E5E559571F14C482008559D8 /* scene.m */ = {isa = PBXFileReference; lastKnownFileType = sourcecode.c.objc; path = scene.m; sourceTree = "<group>"; };
		E5E559581F14C482008559D8 /* SZTJson.h */ = {isa = PBXFileReference; lastKnownFileType = sourcecode.c.h; path = SZTJson.h; sourceTree = "<group>"; };
		E5E559591F14C482008559D8 /* vrkongfu.h */ = {isa = PBXFileReference; lastKnownFileType = sourcecode.c.h; path = vrkongfu.h; sourceTree = "<group>"; };
		E5E5595A1F14C482008559D8 /* vrkongfu.m */ = {isa = PBXFileReference; lastKnownFileType = sourcecode.c.objc; path = vrkongfu.m; sourceTree = "<group>"; };
		E5E5595B1F14C482008559D8 /* widget.h */ = {isa = PBXFileReference; lastKnownFileType = sourcecode.c.h; path = widget.h; sourceTree = "<group>"; };
		E5E5595C1F14C482008559D8 /* widget.m */ = {isa = PBXFileReference; lastKnownFileType = sourcecode.c.objc; path = widget.m; sourceTree = "<group>"; };
		E5E5595D1F14C482008559D8 /* SZTLibrary.h */ = {isa = PBXFileReference; lastKnownFileType = sourcecode.c.h; path = SZTLibrary.h; sourceTree = "<group>"; };
		E5E5595F1F14C482008559D8 /* ScriptUI.h */ = {isa = PBXFileReference; lastKnownFileType = sourcecode.c.h; path = ScriptUI.h; sourceTree = "<group>"; };
		E5E559601F14C482008559D8 /* Sound.h */ = {isa = PBXFileReference; lastKnownFileType = sourcecode.c.h; path = Sound.h; sourceTree = "<group>"; };
		E5E559611F14C482008559D8 /* SZTAlertView.h */ = {isa = PBXFileReference; lastKnownFileType = sourcecode.c.h; path = SZTAlertView.h; sourceTree = "<group>"; };
		E5E559621F14C482008559D8 /* SZTAudio.h */ = {isa = PBXFileReference; lastKnownFileType = sourcecode.c.h; path = SZTAudio.h; sourceTree = "<group>"; };
		E5E559631F14C482008559D8 /* SZTBaseObject.h */ = {isa = PBXFileReference; lastKnownFileType = sourcecode.c.h; path = SZTBaseObject.h; sourceTree = "<group>"; };
		E5E559641F14C482008559D8 /* SZTGif.h */ = {isa = PBXFileReference; lastKnownFileType = sourcecode.c.h; path = SZTGif.h; sourceTree = "<group>"; };
		E5E559651F14C482008559D8 /* SZTImageView.h */ = {isa = PBXFileReference; lastKnownFileType = sourcecode.c.h; path = SZTImageView.h; sourceTree = "<group>"; };
		E5E559661F14C482008559D8 /* SZTLabel.h */ = {isa = PBXFileReference; lastKnownFileType = sourcecode.c.h; path = SZTLabel.h; sourceTree = "<group>"; };
		E5E559671F14C482008559D8 /* SZTMD2Model.h */ = {isa = PBXFileReference; lastKnownFileType = sourcecode.c.h; path = SZTMD2Model.h; sourceTree = "<group>"; };
		E5E559681F14C482008559D8 /* SZTObjModel.h */ = {isa = PBXFileReference; lastKnownFileType = sourcecode.c.h; path = SZTObjModel.h; sourceTree = "<group>"; };
		E5E559691F14C482008559D8 /* SZTParticle.h */ = {isa = PBXFileReference; lastKnownFileType = sourcecode.c.h; path = SZTParticle.h; sourceTree = "<group>"; };
		E5E5596A1F14C482008559D8 /* SZTPoint.h */ = {isa = PBXFileReference; lastKnownFileType = sourcecode.c.h; path = SZTPoint.h; sourceTree = "<group>"; };
		E5E5596B1F14C482008559D8 /* SZTPrograssBar.h */ = {isa = PBXFileReference; lastKnownFileType = sourcecode.c.h; path = SZTPrograssBar.h; sourceTree = "<group>"; };
		E5E5596C1F14C482008559D8 /* SZTRenderObject.h */ = {isa = PBXFileReference; lastKnownFileType = sourcecode.c.h; path = SZTRenderObject.h; sourceTree = "<group>"; };
		E5E5596D1F14C482008559D8 /* SZTShineBar.h */ = {isa = PBXFileReference; lastKnownFileType = sourcecode.c.h; path = SZTShineBar.h; sourceTree = "<group>"; };
		E5E5596E1F14C482008559D8 /* SZTTextView.h */ = {isa = PBXFileReference; lastKnownFileType = sourcecode.c.h; path = SZTTextView.h; sourceTree = "<group>"; };
		E5E5596F1F14C482008559D8 /* SZTVideo.h */ = {isa = PBXFileReference; lastKnownFileType = sourcecode.c.h; path = SZTVideo.h; sourceTree = "<group>"; };
		E5E559701F14C482008559D8 /* libVRSDK.a */ = {isa = PBXFileReference; lastKnownFileType = archive.ar; path = libVRSDK.a; sourceTree = "<group>"; };
		E5E559721F14C482008559D8 /* default_logo.vrkongfu */ = {isa = PBXFileReference; lastKnownFileType = file; path = default_logo.vrkongfu; sourceTree = "<group>"; };
		E5E559731F14C482008559D8 /* focus_loading.png */ = {isa = PBXFileReference; lastKnownFileType = image.png; path = focus_loading.png; sourceTree = "<group>"; };
		E5E559741F14C482008559D8 /* placeholder.png */ = {isa = PBXFileReference; lastKnownFileType = image.png; path = placeholder.png; sourceTree = "<group>"; };
		E5E559751F14C482008559D8 /* placeholderBack.jpg */ = {isa = PBXFileReference; lastKnownFileType = image.jpeg; path = placeholderBack.jpg; sourceTree = "<group>"; };
		E5E559851F14C4F7008559D8 /* SZT_ModeInteractiveDemo.h */ = {isa = PBXFileReference; lastKnownFileType = sourcecode.c.h; path = SZT_ModeInteractiveDemo.h; sourceTree = "<group>"; };
		E5E559861F14C4F7008559D8 /* SZT_ModeInteractiveDemo.m */ = {isa = PBXFileReference; lastKnownFileType = sourcecode.c.objc; path = SZT_ModeInteractiveDemo.m; sourceTree = "<group>"; };
		E5E559881F14C664008559D8 /* SZT_Animation3DDemo.h */ = {isa = PBXFileReference; lastKnownFileType = sourcecode.c.h; path = SZT_Animation3DDemo.h; sourceTree = "<group>"; };
		E5E559891F14C664008559D8 /* SZT_Animation3DDemo.m */ = {isa = PBXFileReference; lastKnownFileType = sourcecode.c.objc; path = SZT_Animation3DDemo.m; sourceTree = "<group>"; };
		E5E5598B1F14C6D1008559D8 /* vrbackbround.jpg */ = {isa = PBXFileReference; lastKnownFileType = image.jpeg; path = vrbackbround.jpg; sourceTree = "<group>"; };
		E5E5598D1F14C738008559D8 /* pic.jpg */ = {isa = PBXFileReference; lastKnownFileType = image.jpeg; path = pic.jpg; sourceTree = "<group>"; };
		E5E5598F1F14CAAA008559D8 /* SZT_ImageViewDemo.m */ = {isa = PBXFileReference; lastKnownFileType = sourcecode.c.objc; path = SZT_ImageViewDemo.m; sourceTree = "<group>"; };
		E5E559901F14CAAA008559D8 /* SZT_ImageViewDemo.h */ = {isa = PBXFileReference; lastKnownFileType = sourcecode.c.h; path = SZT_ImageViewDemo.h; sourceTree = "<group>"; };
		E5E559921F14CD6B008559D8 /* SZT_GifDemo.m */ = {isa = PBXFileReference; lastKnownFileType = sourcecode.c.objc; path = SZT_GifDemo.m; sourceTree = "<group>"; };
		E5E559931F14CD6B008559D8 /* SZT_GifDemo.h */ = {isa = PBXFileReference; lastKnownFileType = sourcecode.c.h; path = SZT_GifDemo.h; sourceTree = "<group>"; };
		E5E559951F14CE99008559D8 /* gifTest.gif */ = {isa = PBXFileReference; lastKnownFileType = image.gif; path = gifTest.gif; sourceTree = "<group>"; };
		E5E559991F14D15A008559D8 /* SZT_3DModel.h */ = {isa = PBXFileReference; lastKnownFileType = sourcecode.c.h; path = SZT_3DModel.h; sourceTree = "<group>"; };
		E5E5599A1F14D15B008559D8 /* SZT_3DModel.m */ = {isa = PBXFileReference; lastKnownFileType = sourcecode.c.objc; path = SZT_3DModel.m; sourceTree = "<group>"; };
		E5E5599C1F14D34F008559D8 /* cole.jpeg */ = {isa = PBXFileReference; lastKnownFileType = image.jpeg; path = cole.jpeg; sourceTree = "<group>"; };
		E5E5599D1F14D34F008559D8 /* cole.obj */ = {isa = PBXFileReference; lastKnownFileType = text; path = cole.obj; sourceTree = "<group>"; };
		E5E5599E1F14D34F008559D8 /* Squelette.md2 */ = {isa = PBXFileReference; lastKnownFileType = file; path = Squelette.md2; sourceTree = "<group>"; };
		E5E5599F1F14D34F008559D8 /* Squelette.jpg */ = {isa = PBXFileReference; lastKnownFileType = image.jpeg; path = Squelette.jpg; sourceTree = "<group>"; };
		E5E559A41F14D3D7008559D8 /* SZT_DistortionDemo.h */ = {isa = PBXFileReference; lastKnownFileType = sourcecode.c.h; path = SZT_DistortionDemo.h; sourceTree = "<group>"; };
		E5E559A51F14D3D7008559D8 /* SZT_DistortionDemo.m */ = {isa = PBXFileReference; lastKnownFileType = sourcecode.c.objc; path = SZT_DistortionDemo.m; sourceTree = "<group>"; };
/* End PBXFileReference section */

/* Begin PBXFrameworksBuildPhase section */
		E55419FA1F14B45500035C20 /* Frameworks */ = {
			isa = PBXFrameworksBuildPhase;
			buildActionMask = 2147483647;
			files = (
				E5BDCD2B1F15CE50006F5749 /* IJKMediaFramework.framework in Frameworks */,
				E5BDCD2A1F15CE4B006F5749 /* libVRSDK.a in Frameworks */,
				E5E558991F14B8FD008559D8 /* libz.tbd in Frameworks */,
				E5E558981F14B8F7008559D8 /* VideoToolbox.framework in Frameworks */,
			);
			runOnlyForDeploymentPostprocessing = 0;
		};
/* End PBXFrameworksBuildPhase section */

/* Begin PBXGroup section */
		E55419F41F14B45500035C20 = {
			isa = PBXGroup;
			children = (
				E55419FF1F14B45500035C20 /* VR_Example */,
				E55419FE1F14B45500035C20 /* Products */,
				E5541A5D1F14B5AD00035C20 /* Frameworks */,
			);
			sourceTree = "<group>";
		};
		E55419FE1F14B45500035C20 /* Products */ = {
			isa = PBXGroup;
			children = (
				E55419FD1F14B45500035C20 /* VR_Example.app */,
			);
			name = Products;
			sourceTree = "<group>";
		};
		E55419FF1F14B45500035C20 /* VR_Example */ = {
			isa = PBXGroup;
			children = (
				E5E559391F14C482008559D8 /* vrsdk */,
				E5541A001F14B45500035C20 /* AppDelegate.h */,
				E5541A011F14B45500035C20 /* AppDelegate.m */,
				E5541A161F14B4A100035C20 /* SZTViewController.h */,
				E5541A171F14B4A100035C20 /* SZTViewController.m */,
				E5541A6C1F14B68F00035C20 /* Demo */,
				E5E5592F1F14BAE0008559D8 /* Resources */,
				E5541A0B1F14B45500035C20 /* LaunchScreen.storyboard */,
				E5541A0E1F14B45500035C20 /* Info.plist */,
				E5541A091F14B45500035C20 /* Assets.xcassets */,
				E5541A0F1F14B45500035C20 /* main.m */,
			);
			path = VR_Example;
			sourceTree = "<group>";
		};
		E5541A5D1F14B5AD00035C20 /* Frameworks */ = {
			isa = PBXGroup;
			children = (
				E5176A581F15CA9100A94F78 /* OpenAL.framework */,
				E5176A561F15CA8A00A94F78 /* OpenGLES.framework */,
				E5541A5F1F14B5B200035C20 /* libz.tbd */,
				E5541A5E1F14B5AD00035C20 /* VideoToolbox.framework */,
			);
			name = Frameworks;
			sourceTree = "<group>";
		};
		E5541A6C1F14B68F00035C20 /* Demo */ = {
			isa = PBXGroup;
			children = (
				E5541A6F1F14B74500035C20 /* BaseViewControllerDemo.h */,
				E5541A6E1F14B74500035C20 /* BaseViewControllerDemo.m */,
				E5541A6D1F14B74500035C20 /* SZT_AVPlayerDemo.h */,
				E5541A701F14B74500035C20 /* SZT_AVPlayerDemo.m */,
				E5E559341F14C0BA008559D8 /* SZT_IJKPlayerDemo.h */,
				E5E559331F14C0BA008559D8 /* SZT_IJKPlayerDemo.m */,
				E5E559371F14C356008559D8 /* SZT_ModeDisplayDemo.h */,
				E5E559361F14C356008559D8 /* SZT_ModeDisplayDemo.m */,
				E5E559851F14C4F7008559D8 /* SZT_ModeInteractiveDemo.h */,
				E5E559861F14C4F7008559D8 /* SZT_ModeInteractiveDemo.m */,
				E5E559881F14C664008559D8 /* SZT_Animation3DDemo.h */,
				E5E559891F14C664008559D8 /* SZT_Animation3DDemo.m */,
				E5E559901F14CAAA008559D8 /* SZT_ImageViewDemo.h */,
				E5E5598F1F14CAAA008559D8 /* SZT_ImageViewDemo.m */,
				E5E559931F14CD6B008559D8 /* SZT_GifDemo.h */,
				E5E559921F14CD6B008559D8 /* SZT_GifDemo.m */,
				E5E559991F14D15A008559D8 /* SZT_3DModel.h */,
				E5E5599A1F14D15B008559D8 /* SZT_3DModel.m */,
				E5E559A41F14D3D7008559D8 /* SZT_DistortionDemo.h */,
				E5E559A51F14D3D7008559D8 /* SZT_DistortionDemo.m */,
				E56DF8861F15C45100780FCC /* SZT_3DAudio.h */,
				E56DF8851F15C45100780FCC /* SZT_3DAudio.m */,
				E5BDCDD91F15DBA7006F5749 /* SZT_LabelDemo.h */,
				E5BDCDDA1F15DBA7006F5749 /* SZT_LabelDemo.m */,
				E5BDCDDC1F15E55D006F5749 /* SZT_TouchDemo.h */,
				E5BDCDDD1F15E55D006F5749 /* SZT_TouchDemo.m */,
				E5BDCDDF1F162B63006F5749 /* SZT_TextViewDemo.h */,
				E5BDCDE01F162B63006F5749 /* SZT_TextViewDemo.m */,
			);
			path = Demo;
			sourceTree = "<group>";
		};
		E5BDCDE31F162CA2006F5749 /* keyboard */ = {
			isa = PBXGroup;
			children = (
				E5BDCDE41F162CA2006F5749 /* ABC_b */,
				E5BDCE041F162CA2006F5749 /* abc_s */,
				E5BDCE261F162CA3006F5749 /* num */,
			);
			path = keyboard;
			sourceTree = "<group>";
		};
		E5BDCDE41F162CA2006F5749 /* ABC_b */ = {
			isa = PBXGroup;
			children = (
				E5BDCDE51F162CA2006F5749 /* b_0.png */,
				E5BDCDE61F162CA2006F5749 /* b_1.png */,
				E5BDCDE71F162CA2006F5749 /* b_10.png */,
				E5BDCDE81F162CA2006F5749 /* b_11.png */,
				E5BDCDE91F162CA2006F5749 /* b_12.png */,
				E5BDCDEA1F162CA2006F5749 /* b_13.png */,
				E5BDCDEB1F162CA2006F5749 /* b_14.png */,
				E5BDCDEC1F162CA2006F5749 /* b_15.png */,
				E5BDCDED1F162CA2006F5749 /* b_16.png */,
				E5BDCDEE1F162CA2006F5749 /* b_17.png */,
				E5BDCDEF1F162CA2006F5749 /* b_18.png */,
				E5BDCDF01F162CA2006F5749 /* b_19.png */,
				E5BDCDF11F162CA2006F5749 /* b_2.png */,
				E5BDCDF21F162CA2006F5749 /* b_20.png */,
				E5BDCDF31F162CA2006F5749 /* b_21.png */,
				E5BDCDF41F162CA2006F5749 /* b_22.png */,
				E5BDCDF51F162CA2006F5749 /* b_23.png */,
				E5BDCDF61F162CA2006F5749 /* b_24.png */,
				E5BDCDF71F162CA2006F5749 /* b_25.png */,
				E5BDCDF81F162CA2006F5749 /* b_26.png */,
				E5BDCDF91F162CA2006F5749 /* b_27.png */,
				E5BDCDFA1F162CA2006F5749 /* b_28.png */,
				E5BDCDFB1F162CA2006F5749 /* b_29.png */,
				E5BDCDFC1F162CA2006F5749 /* b_3.png */,
				E5BDCDFD1F162CA2006F5749 /* b_30.png */,
				E5BDCDFE1F162CA2006F5749 /* b_4.png */,
				E5BDCDFF1F162CA2006F5749 /* b_5.png */,
				E5BDCE001F162CA2006F5749 /* b_6.png */,
				E5BDCE011F162CA2006F5749 /* b_7.png */,
				E5BDCE021F162CA2006F5749 /* b_8.png */,
				E5BDCE031F162CA2006F5749 /* b_9.png */,
			);
			path = ABC_b;
			sourceTree = "<group>";
		};
		E5BDCE041F162CA2006F5749 /* abc_s */ = {
			isa = PBXGroup;
			children = (
				E5BDCE051F162CA2006F5749 /* background-.png */,
				E5BDCE061F162CA2006F5749 /* background.png */,
				E5BDCE071F162CA2006F5749 /* s_0.png */,
				E5BDCE081F162CA2006F5749 /* s_1.png */,
				E5BDCE091F162CA2006F5749 /* s_10.png */,
				E5BDCE0A1F162CA2006F5749 /* s_11.png */,
				E5BDCE0B1F162CA2006F5749 /* s_12.png */,
				E5BDCE0C1F162CA2006F5749 /* s_13.png */,
				E5BDCE0D1F162CA2006F5749 /* s_14.png */,
				E5BDCE0E1F162CA2006F5749 /* s_15.png */,
				E5BDCE0F1F162CA2006F5749 /* s_16.png */,
				E5BDCE101F162CA2006F5749 /* s_17.png */,
				E5BDCE111F162CA2006F5749 /* s_18.png */,
				E5BDCE121F162CA2006F5749 /* s_19.png */,
				E5BDCE131F162CA2006F5749 /* s_2.png */,
				E5BDCE141F162CA2006F5749 /* s_20.png */,
				E5BDCE151F162CA2006F5749 /* s_21.png */,
				E5BDCE161F162CA2006F5749 /* s_22.png */,
				E5BDCE171F162CA2006F5749 /* s_23.png */,
				E5BDCE181F162CA2006F5749 /* s_24.png */,
				E5BDCE191F162CA2006F5749 /* s_25.png */,
				E5BDCE1A1F162CA2006F5749 /* s_26.png */,
				E5BDCE1B1F162CA2006F5749 /* s_27.png */,
				E5BDCE1C1F162CA2006F5749 /* s_28.png */,
				E5BDCE1D1F162CA2006F5749 /* s_29.png */,
				E5BDCE1E1F162CA2006F5749 /* s_3.png */,
				E5BDCE1F1F162CA2006F5749 /* s_30.png */,
				E5BDCE201F162CA2006F5749 /* s_4.png */,
				E5BDCE211F162CA2006F5749 /* s_5.png */,
				E5BDCE221F162CA2006F5749 /* s_6.png */,
				E5BDCE231F162CA2006F5749 /* s_7.png */,
				E5BDCE241F162CA2006F5749 /* s_8.png */,
				E5BDCE251F162CA3006F5749 /* s_9.png */,
			);
			path = abc_s;
			sourceTree = "<group>";
		};
		E5BDCE261F162CA3006F5749 /* num */ = {
			isa = PBXGroup;
			children = (
				E5BDCE271F162CA3006F5749 /* n_0.png */,
				E5BDCE281F162CA3006F5749 /* n_1.png */,
				E5BDCE291F162CA3006F5749 /* n_10.png */,
				E5BDCE2A1F162CA3006F5749 /* n_11.png */,
				E5BDCE2B1F162CA3006F5749 /* n_12.png */,
				E5BDCE2C1F162CA3006F5749 /* n_13.png */,
				E5BDCE2D1F162CA3006F5749 /* n_14.png */,
				E5BDCE2E1F162CA3006F5749 /* n_15.png */,
				E5BDCE2F1F162CA3006F5749 /* n_16.png */,
				E5BDCE301F162CA3006F5749 /* n_17.png */,
				E5BDCE311F162CA3006F5749 /* n_18.png */,
				E5BDCE321F162CA3006F5749 /* n_19.png */,
				E5BDCE331F162CA3006F5749 /* n_2.png */,
				E5BDCE341F162CA3006F5749 /* n_20.png */,
				E5BDCE351F162CA3006F5749 /* n_21.png */,
				E5BDCE361F162CA3006F5749 /* n_22.png */,
				E5BDCE371F162CA3006F5749 /* n_23.png */,
				E5BDCE381F162CA3006F5749 /* n_24.png */,
				E5BDCE391F162CA3006F5749 /* n_25.png */,
				E5BDCE3A1F162CA3006F5749 /* n_26.png */,
				E5BDCE3B1F162CA3006F5749 /* n_27.png */,
				E5BDCE3C1F162CA3006F5749 /* n_28.png */,
				E5BDCE3D1F162CA3006F5749 /* n_29.png */,
				E5BDCE3E1F162CA3006F5749 /* n_3.png */,
				E5BDCE3F1F162CA3006F5749 /* n_30.png */,
				E5BDCE401F162CA3006F5749 /* n_4.png */,
				E5BDCE411F162CA3006F5749 /* n_5.png */,
				E5BDCE421F162CA3006F5749 /* n_6.png */,
				E5BDCE431F162CA3006F5749 /* n_7.png */,
				E5BDCE441F162CA3006F5749 /* n_8.png */,
				E5BDCE451F162CA3006F5749 /* n_9.png */,
			);
			path = num;
			sourceTree = "<group>";
		};
		E5E5592F1F14BAE0008559D8 /* Resources */ = {
			isa = PBXGroup;
			children = (
				E5E559301F14BB0D008559D8 /* skyrim360.mp4 */,
				E5E5598B1F14C6D1008559D8 /* vrbackbround.jpg */,
				E5E5598D1F14C738008559D8 /* pic.jpg */,
				E5E559951F14CE99008559D8 /* gifTest.gif */,
				E5E5599C1F14D34F008559D8 /* cole.jpeg */,
				E5E5599D1F14D34F008559D8 /* cole.obj */,
				E5E5599F1F14D34F008559D8 /* Squelette.jpg */,
				E5E5599E1F14D34F008559D8 /* Squelette.md2 */,
				E56DF8881F15C5A600780FCC /* sound.mp3 */,
			);
			path = Resources;
			sourceTree = "<group>";
		};
		E5E559391F14C482008559D8 /* vrsdk */ = {
			isa = PBXGroup;
			children = (
				E5E5593A1F14C482008559D8 /* IJKMediaFramework.framework */,
				E5E5593B1F14C482008559D8 /* include */,
				E5E559701F14C482008559D8 /* libVRSDK.a */,
				E5E559711F14C482008559D8 /* Res */,
			);
			path = vrsdk;
			sourceTree = "<group>";
		};
		E5E5593B1F14C482008559D8 /* include */ = {
			isa = PBXGroup;
			children = (
				E5E5593C1F14C482008559D8 /* Base */,
				E5E559481F14C482008559D8 /* Other */,
				E5E5595D1F14C482008559D8 /* SZTLibrary.h */,
				E5E5595E1F14C482008559D8 /* UI */,
			);
			path = include;
			sourceTree = "<group>";
		};
		E5E5593C1F14C482008559D8 /* Base */ = {
			isa = PBXGroup;
			children = (
				E5E5593D1F14C482008559D8 /* AABB.h */,
				E5E5593E1F14C482008559D8 /* Box.h */,
				E5E5593F1F14C482008559D8 /* MathC.h */,
				E5E559401F14C482008559D8 /* OBB.h */,
				E5E559411F14C482008559D8 /* SceneTransitionTool.h */,
				E5E559421F14C482008559D8 /* SZTCamera.h */,
				E5E559431F14C482008559D8 /* SZTObject3D.h */,
				E5E559441F14C482008559D8 /* SZTProgram.h */,
				E5E559451F14C482008559D8 /* SZTTexture.h */,
				E5E559461F14C482008559D8 /* SZTTouch.h */,
				E5E559471F14C482008559D8 /* VIMVideoPlayer.h */,
			);
			path = Base;
			sourceTree = "<group>";
		};
		E5E559481F14C482008559D8 /* Other */ = {
			isa = PBXGroup;
			children = (
				E5E559491F14C482008559D8 /* Categorys */,
				E5E5594D1F14C482008559D8 /* JsonModel */,
			);
			path = Other;
			sourceTree = "<group>";
		};
		E5E559491F14C482008559D8 /* Categorys */ = {
			isa = PBXGroup;
			children = (
				E5E5594A1F14C482008559D8 /* Foundation+Log.m */,
				E5E5594B1F14C482008559D8 /* UIView+Extension.h */,
				E5E5594C1F14C482008559D8 /* UIView+Extension.m */,
			);
			path = Categorys;
			sourceTree = "<group>";
		};
		E5E5594D1F14C482008559D8 /* JsonModel */ = {
			isa = PBXGroup;
			children = (
				E5E5594E1F14C482008559D8 /* action.h */,
				E5E5594F1F14C482008559D8 /* action.m */,
				E5E559501F14C482008559D8 /* material.h */,
				E5E559511F14C482008559D8 /* material.m */,
				E5E559521F14C482008559D8 /* objects.h */,
				E5E559531F14C482008559D8 /* objects.m */,
				E5E559541F14C482008559D8 /* properties.h */,
				E5E559551F14C482008559D8 /* properties.m */,
				E5E559561F14C482008559D8 /* scene.h */,
				E5E559571F14C482008559D8 /* scene.m */,
				E5E559581F14C482008559D8 /* SZTJson.h */,
				E5E559591F14C482008559D8 /* vrkongfu.h */,
				E5E5595A1F14C482008559D8 /* vrkongfu.m */,
				E5E5595B1F14C482008559D8 /* widget.h */,
				E5E5595C1F14C482008559D8 /* widget.m */,
			);
			path = JsonModel;
			sourceTree = "<group>";
		};
		E5E5595E1F14C482008559D8 /* UI */ = {
			isa = PBXGroup;
			children = (
				E5BDCDE21F162C28006F5749 /* SZTKeyBoardBar.h */,
				E5E5595F1F14C482008559D8 /* ScriptUI.h */,
				E5E559601F14C482008559D8 /* Sound.h */,
				E5E559611F14C482008559D8 /* SZTAlertView.h */,
				E5E559621F14C482008559D8 /* SZTAudio.h */,
				E5E559631F14C482008559D8 /* SZTBaseObject.h */,
				E5E559641F14C482008559D8 /* SZTGif.h */,
				E5E559651F14C482008559D8 /* SZTImageView.h */,
				E5E559661F14C482008559D8 /* SZTLabel.h */,
				E5E559671F14C482008559D8 /* SZTMD2Model.h */,
				E5E559681F14C482008559D8 /* SZTObjModel.h */,
				E5E559691F14C482008559D8 /* SZTParticle.h */,
				E5E5596A1F14C482008559D8 /* SZTPoint.h */,
				E5E5596B1F14C482008559D8 /* SZTPrograssBar.h */,
				E5E5596C1F14C482008559D8 /* SZTRenderObject.h */,
				E5E5596D1F14C482008559D8 /* SZTShineBar.h */,
				E5E5596E1F14C482008559D8 /* SZTTextView.h */,
				E5E5596F1F14C482008559D8 /* SZTVideo.h */,
			);
			path = UI;
			sourceTree = "<group>";
		};
		E5E559711F14C482008559D8 /* Res */ = {
			isa = PBXGroup;
			children = (
				E5BDCDE31F162CA2006F5749 /* keyboard */,
				E5E559721F14C482008559D8 /* default_logo.vrkongfu */,
				E5E559731F14C482008559D8 /* focus_loading.png */,
				E5E559741F14C482008559D8 /* placeholder.png */,
				E5E559751F14C482008559D8 /* placeholderBack.jpg */,
			);
			path = Res;
			sourceTree = "<group>";
		};
/* End PBXGroup section */

/* Begin PBXNativeTarget section */
		E55419FC1F14B45500035C20 /* VR_Example */ = {
			isa = PBXNativeTarget;
			buildConfigurationList = E5541A131F14B45500035C20 /* Build configuration list for PBXNativeTarget "VR_Example" */;
			buildPhases = (
				E55419F91F14B45500035C20 /* Sources */,
				E55419FA1F14B45500035C20 /* Frameworks */,
				E55419FB1F14B45500035C20 /* Resources */,
			);
			buildRules = (
			);
			dependencies = (
			);
			name = VR_Example;
			productName = VR_Example;
			productReference = E55419FD1F14B45500035C20 /* VR_Example.app */;
			productType = "com.apple.product-type.application";
		};
/* End PBXNativeTarget section */

/* Begin PBXProject section */
		E55419F51F14B45500035C20 /* Project object */ = {
			isa = PBXProject;
			attributes = {
				LastUpgradeCheck = 0900;
				ORGANIZATIONNAME = VR;
				TargetAttributes = {
					E55419FC1F14B45500035C20 = {
						CreatedOnToolsVersion = 9.0;
					};
				};
			};
			buildConfigurationList = E55419F81F14B45500035C20 /* Build configuration list for PBXProject "VR_Example" */;
			compatibilityVersion = "Xcode 8.0";
			developmentRegion = en;
			hasScannedForEncodings = 0;
			knownRegions = (
				en,
				Base,
			);
			mainGroup = E55419F41F14B45500035C20;
			productRefGroup = E55419FE1F14B45500035C20 /* Products */;
			projectDirPath = "";
			projectRoot = "";
			targets = (
				E55419FC1F14B45500035C20 /* VR_Example */,
			);
		};
/* End PBXProject section */

/* Begin PBXResourcesBuildPhase section */
		E55419FB1F14B45500035C20 /* Resources */ = {
			isa = PBXResourcesBuildPhase;
			buildActionMask = 2147483647;
			files = (
				E5BDCE611F162CA3006F5749 /* b_6.png in Resources */,
				E5BDCE7C1F162CA3006F5749 /* s_28.png in Resources */,
				E5BDCE821F162CA3006F5749 /* s_6.png in Resources */,
				E5BDCE661F162CA3006F5749 /* background.png in Resources */,
				E56DF8891F15C5AF00780FCC /* sound.mp3 in Resources */,
				E5BDCE911F162CA3006F5749 /* n_19.png in Resources */,
				E5BDCE561F162CA3006F5749 /* b_23.png in Resources */,
				E5BDCE631F162CA3006F5749 /* b_8.png in Resources */,
				E5BDCE731F162CA3006F5749 /* s_2.png in Resources */,
				E5BDCE521F162CA3006F5749 /* b_2.png in Resources */,
				E5BDCE551F162CA3006F5749 /* b_22.png in Resources */,
				E5E559A01F14D35A008559D8 /* cole.jpeg in Resources */,
				E5BDCE901F162CA3006F5749 /* n_18.png in Resources */,
				E5BDCE7A1F162CA3006F5749 /* s_26.png in Resources */,
				E5BDCE831F162CA3006F5749 /* s_7.png in Resources */,
				E5BDCE891F162CA3006F5749 /* n_11.png in Resources */,
				E5BDCE511F162CA3006F5749 /* b_19.png in Resources */,
				E5BDCE641F162CA3006F5749 /* b_9.png in Resources */,
				E5E559A11F14D35A008559D8 /* cole.obj in Resources */,
				E5BDCE721F162CA3006F5749 /* s_19.png in Resources */,
				E5BDCE931F162CA3006F5749 /* n_20.png in Resources */,
				E5BDCE7D1F162CA3006F5749 /* s_29.png in Resources */,
				E5BDCE871F162CA3006F5749 /* n_1.png in Resources */,
				E5BDCE6E1F162CA3006F5749 /* s_15.png in Resources */,
				E5E559A21F14D35A008559D8 /* Squelette.jpg in Resources */,
				E5E559A31F14D35A008559D8 /* Squelette.md2 in Resources */,
				E5BDCE651F162CA3006F5749 /* background-.png in Resources */,
				E5BDCE5D1F162CA3006F5749 /* b_3.png in Resources */,
				E5BDCE861F162CA3006F5749 /* n_0.png in Resources */,
				E5E559961F14CEA2008559D8 /* gifTest.gif in Resources */,
				E5BDCE5B1F162CA3006F5749 /* b_28.png in Resources */,
				E5BDCE951F162CA3006F5749 /* n_22.png in Resources */,
				E5BDCE601F162CA3006F5749 /* b_5.png in Resources */,
				E5BDCE8C1F162CA3006F5749 /* n_14.png in Resources */,
				E5E5598E1F14C7AA008559D8 /* pic.jpg in Resources */,
				E5BDCE7B1F162CA3006F5749 /* s_27.png in Resources */,
				E5BDCEA01F162CA3006F5749 /* n_5.png in Resources */,
				E5E5598C1F14C6D8008559D8 /* vrbackbround.jpg in Resources */,
				E5BDCE7F1F162CA3006F5749 /* s_30.png in Resources */,
				E5BDCE711F162CA3006F5749 /* s_18.png in Resources */,
				E5BDCE4D1F162CA3006F5749 /* b_15.png in Resources */,
				E5BDCE581F162CA3006F5749 /* b_25.png in Resources */,
				E5BDCE9A1F162CA3006F5749 /* n_27.png in Resources */,
				E5BDCE8B1F162CA3006F5749 /* n_13.png in Resources */,
				E5BDCE771F162CA3006F5749 /* s_23.png in Resources */,
				E5BDCE621F162CA3006F5749 /* b_7.png in Resources */,
				E5BDCE9B1F162CA3006F5749 /* n_28.png in Resources */,
				E5BDCEA11F162CA3006F5749 /* n_6.png in Resources */,
				E5BDCE5F1F162CA3006F5749 /* b_4.png in Resources */,
				E5BDCE541F162CA3006F5749 /* b_21.png in Resources */,
				E5BDCE751F162CA3006F5749 /* s_21.png in Resources */,
				E5BDCE4B1F162CA3006F5749 /* b_13.png in Resources */,
				E5BDCE6D1F162CA3006F5749 /* s_14.png in Resources */,
				E5BDCE531F162CA3006F5749 /* b_20.png in Resources */,
				E5BDCEA41F162CA3006F5749 /* n_9.png in Resources */,
				E5E559811F14C4AF008559D8 /* default_logo.vrkongfu in Resources */,
				E5BDCE981F162CA3006F5749 /* n_25.png in Resources */,
				E5BDCE841F162CA3006F5749 /* s_8.png in Resources */,
				E5BDCE7E1F162CA3006F5749 /* s_3.png in Resources */,
				E5BDCE8A1F162CA3006F5749 /* n_12.png in Resources */,
				E5BDCE571F162CA3006F5749 /* b_24.png in Resources */,
				E5BDCE8F1F162CA3006F5749 /* n_17.png in Resources */,
				E5BDCE6C1F162CA3006F5749 /* s_13.png in Resources */,
				E5BDCE4F1F162CA3006F5749 /* b_17.png in Resources */,
				E5BDCE881F162CA3006F5749 /* n_10.png in Resources */,
				E5BDCE801F162CA3006F5749 /* s_4.png in Resources */,
				E5BDCE8E1F162CA3006F5749 /* n_16.png in Resources */,
				E5BDCE4E1F162CA3006F5749 /* b_16.png in Resources */,
				E5BDCE8D1F162CA3006F5749 /* n_15.png in Resources */,
				E5BDCE971F162CA3006F5749 /* n_24.png in Resources */,
				E5BDCE6A1F162CA3006F5749 /* s_11.png in Resources */,
				E5E559821F14C4AF008559D8 /* focus_loading.png in Resources */,
				E5BDCE741F162CA3006F5749 /* s_20.png in Resources */,
				E5BDCE4C1F162CA3006F5749 /* b_14.png in Resources */,
				E5E559831F14C4AF008559D8 /* placeholder.png in Resources */,
				E5BDCE4A1F162CA3006F5749 /* b_12.png in Resources */,
				E5BDCE481F162CA3006F5749 /* b_10.png in Resources */,
				E5BDCE591F162CA3006F5749 /* b_26.png in Resources */,
				E5BDCE491F162CA3006F5749 /* b_11.png in Resources */,
				E5BDCE461F162CA3006F5749 /* b_0.png in Resources */,
				E5BDCEA31F162CA3006F5749 /* n_8.png in Resources */,
				E5BDCE6B1F162CA3006F5749 /* s_12.png in Resources */,
				E5BDCE851F162CA3006F5749 /* s_9.png in Resources */,
				E5BDCE921F162CA3006F5749 /* n_2.png in Resources */,
				E5BDCE761F162CA3006F5749 /* s_22.png in Resources */,
				E5BDCE961F162CA3006F5749 /* n_23.png in Resources */,
				E5BDCE5E1F162CA3006F5749 /* b_30.png in Resources */,
				E5BDCE671F162CA3006F5749 /* s_0.png in Resources */,
				E5BDCE9F1F162CA3006F5749 /* n_4.png in Resources */,
				E5BDCE691F162CA3006F5749 /* s_10.png in Resources */,
				E5BDCE991F162CA3006F5749 /* n_26.png in Resources */,
				E5BDCE5A1F162CA3006F5749 /* b_27.png in Resources */,
				E5BDCEA21F162CA3006F5749 /* n_7.png in Resources */,
				E5BDCE5C1F162CA3006F5749 /* b_29.png in Resources */,
				E5BDCE811F162CA3006F5749 /* s_5.png in Resources */,
				E5BDCE9C1F162CA3006F5749 /* n_29.png in Resources */,
				E5E559841F14C4AF008559D8 /* placeholderBack.jpg in Resources */,
				E5BDCE6F1F162CA3006F5749 /* s_16.png in Resources */,
				E5BDCE501F162CA3006F5749 /* b_18.png in Resources */,
				E5E559311F14BB1F008559D8 /* skyrim360.mp4 in Resources */,
				E5BDCE701F162CA3006F5749 /* s_17.png in Resources */,
				E5541A0D1F14B45500035C20 /* LaunchScreen.storyboard in Resources */,
				E5BDCE791F162CA3006F5749 /* s_25.png in Resources */,
				E5BDCE681F162CA3006F5749 /* s_1.png in Resources */,
				E5BDCE9D1F162CA3006F5749 /* n_3.png in Resources */,
				E5BDCE9E1F162CA3006F5749 /* n_30.png in Resources */,
				E5541A0A1F14B45500035C20 /* Assets.xcassets in Resources */,
				E5BDCE941F162CA3006F5749 /* n_21.png in Resources */,
				E5BDCE471F162CA3006F5749 /* b_1.png in Resources */,
				E5BDCE781F162CA3006F5749 /* s_24.png in Resources */,
			);
			runOnlyForDeploymentPostprocessing = 0;
		};
/* End PBXResourcesBuildPhase section */

/* Begin PBXSourcesBuildPhase section */
		E55419F91F14B45500035C20 /* Sources */ = {
			isa = PBXSourcesBuildPhase;
			buildActionMask = 2147483647;
			files = (
				E56DF8871F15C46200780FCC /* SZT_3DAudio.m in Sources */,
				E5E559A61F14D3E1008559D8 /* SZT_DistortionDemo.m in Sources */,
				E5E5599B1F14D166008559D8 /* SZT_3DModel.m in Sources */,
				E5E559941F14CD71008559D8 /* SZT_GifDemo.m in Sources */,
				E5E559911F14CAB4008559D8 /* SZT_ImageViewDemo.m in Sources */,
				E5E5598A1F14C66B008559D8 /* SZT_Animation3DDemo.m in Sources */,
				E5E559871F14C530008559D8 /* SZT_ModeInteractiveDemo.m in Sources */,
				E5E559781F14C4A2008559D8 /* Foundation+Log.m in Sources */,
				E5BDCDE11F162B63006F5749 /* SZT_TextViewDemo.m in Sources */,
				E5E559791F14C4A2008559D8 /* UIView+Extension.m in Sources */,
				E5E5597A1F14C4A2008559D8 /* action.m in Sources */,
				E5BDCDDE1F15E55D006F5749 /* SZT_TouchDemo.m in Sources */,
				E5E5597B1F14C4A2008559D8 /* material.m in Sources */,
				E5E5597C1F14C4A2008559D8 /* objects.m in Sources */,
				E5E5597D1F14C4A2008559D8 /* properties.m in Sources */,
				E5E5597E1F14C4A2008559D8 /* scene.m in Sources */,
				E5E5597F1F14C4A2008559D8 /* vrkongfu.m in Sources */,
				E5E559801F14C4A2008559D8 /* widget.m in Sources */,
				E5E559381F14C35B008559D8 /* SZT_ModeDisplayDemo.m in Sources */,
				E5E559351F14C0CF008559D8 /* SZT_IJKPlayerDemo.m in Sources */,
				E5541A711F14B75000035C20 /* BaseViewControllerDemo.m in Sources */,
				E5541A721F14B75000035C20 /* SZT_AVPlayerDemo.m in Sources */,
				E5541A101F14B45500035C20 /* main.m in Sources */,
				E5541A181F14B4A100035C20 /* SZTViewController.m in Sources */,
				E5BDCDDB1F15DBA7006F5749 /* SZT_LabelDemo.m in Sources */,
				E5541A021F14B45500035C20 /* AppDelegate.m in Sources */,
			);
			runOnlyForDeploymentPostprocessing = 0;
		};
/* End PBXSourcesBuildPhase section */

/* Begin PBXVariantGroup section */
		E5541A0B1F14B45500035C20 /* LaunchScreen.storyboard */ = {
			isa = PBXVariantGroup;
			children = (
				E5541A0C1F14B45500035C20 /* Base */,
			);
			name = LaunchScreen.storyboard;
			sourceTree = "<group>";
		};
/* End PBXVariantGroup section */

/* Begin XCBuildConfiguration section */
		E5541A111F14B45500035C20 /* Debug */ = {
			isa = XCBuildConfiguration;
			buildSettings = {
				ALWAYS_SEARCH_USER_PATHS = NO;
				CLANG_ANALYZER_NONNULL = YES;
				CLANG_ANALYZER_NUMBER_OBJECT_CONVERSION = YES_AGGRESSIVE;
				CLANG_CXX_LANGUAGE_STANDARD = "gnu++14";
				CLANG_CXX_LIBRARY = "libc++";
				CLANG_ENABLE_MODULES = YES;
				CLANG_ENABLE_OBJC_ARC = YES;
				CLANG_WARN_BLOCK_CAPTURE_AUTORELEASING = YES;
				CLANG_WARN_BOOL_CONVERSION = YES;
				CLANG_WARN_COMMA = YES;
				CLANG_WARN_CONSTANT_CONVERSION = YES;
				CLANG_WARN_DIRECT_OBJC_ISA_USAGE = YES_ERROR;
				CLANG_WARN_DOCUMENTATION_COMMENTS = YES;
				CLANG_WARN_EMPTY_BODY = YES;
				CLANG_WARN_ENUM_CONVERSION = YES;
				CLANG_WARN_INFINITE_RECURSION = YES;
				CLANG_WARN_INT_CONVERSION = YES;
				CLANG_WARN_OBJC_ROOT_CLASS = YES_ERROR;
				CLANG_WARN_RANGE_LOOP_ANALYSIS = YES;
				CLANG_WARN_STRICT_PROTOTYPES = YES;
				CLANG_WARN_SUSPICIOUS_MOVE = YES;
				CLANG_WARN_UNGUARDED_AVAILABILITY = YES_AGGRESSIVE;
				CLANG_WARN_UNREACHABLE_CODE = YES;
				CLANG_WARN__DUPLICATE_METHOD_MATCH = YES;
				CODE_SIGN_IDENTITY = "iPhone Developer";
				COPY_PHASE_STRIP = NO;
				DEBUG_INFORMATION_FORMAT = dwarf;
				ENABLE_STRICT_OBJC_MSGSEND = YES;
				ENABLE_TESTABILITY = YES;
				GCC_C_LANGUAGE_STANDARD = gnu11;
				GCC_DYNAMIC_NO_PIC = NO;
				GCC_NO_COMMON_BLOCKS = YES;
				GCC_OPTIMIZATION_LEVEL = 0;
				GCC_PREPROCESSOR_DEFINITIONS = (
					"DEBUG=1",
					"$(inherited)",
				);
				GCC_WARN_64_TO_32_BIT_CONVERSION = YES;
				GCC_WARN_ABOUT_RETURN_TYPE = YES_ERROR;
				GCC_WARN_UNDECLARED_SELECTOR = YES;
				GCC_WARN_UNINITIALIZED_AUTOS = YES_AGGRESSIVE;
				GCC_WARN_UNUSED_FUNCTION = YES;
				GCC_WARN_UNUSED_VARIABLE = YES;
				IPHONEOS_DEPLOYMENT_TARGET = 11.0;
				MTL_ENABLE_DEBUG_INFO = YES;
				ONLY_ACTIVE_ARCH = YES;
				SDKROOT = iphoneos;
			};
			name = Debug;
		};
		E5541A121F14B45500035C20 /* Release */ = {
			isa = XCBuildConfiguration;
			buildSettings = {
				ALWAYS_SEARCH_USER_PATHS = NO;
				CLANG_ANALYZER_NONNULL = YES;
				CLANG_ANALYZER_NUMBER_OBJECT_CONVERSION = YES_AGGRESSIVE;
				CLANG_CXX_LANGUAGE_STANDARD = "gnu++14";
				CLANG_CXX_LIBRARY = "libc++";
				CLANG_ENABLE_MODULES = YES;
				CLANG_ENABLE_OBJC_ARC = YES;
				CLANG_WARN_BLOCK_CAPTURE_AUTORELEASING = YES;
				CLANG_WARN_BOOL_CONVERSION = YES;
				CLANG_WARN_COMMA = YES;
				CLANG_WARN_CONSTANT_CONVERSION = YES;
				CLANG_WARN_DIRECT_OBJC_ISA_USAGE = YES_ERROR;
				CLANG_WARN_DOCUMENTATION_COMMENTS = YES;
				CLANG_WARN_EMPTY_BODY = YES;
				CLANG_WARN_ENUM_CONVERSION = YES;
				CLANG_WARN_INFINITE_RECURSION = YES;
				CLANG_WARN_INT_CONVERSION = YES;
				CLANG_WARN_OBJC_ROOT_CLASS = YES_ERROR;
				CLANG_WARN_RANGE_LOOP_ANALYSIS = YES;
				CLANG_WARN_STRICT_PROTOTYPES = YES;
				CLANG_WARN_SUSPICIOUS_MOVE = YES;
				CLANG_WARN_UNGUARDED_AVAILABILITY = YES_AGGRESSIVE;
				CLANG_WARN_UNREACHABLE_CODE = YES;
				CLANG_WARN__DUPLICATE_METHOD_MATCH = YES;
				CODE_SIGN_IDENTITY = "iPhone Developer";
				COPY_PHASE_STRIP = NO;
				DEBUG_INFORMATION_FORMAT = "dwarf-with-dsym";
				ENABLE_NS_ASSERTIONS = NO;
				ENABLE_STRICT_OBJC_MSGSEND = YES;
				GCC_C_LANGUAGE_STANDARD = gnu11;
				GCC_NO_COMMON_BLOCKS = YES;
				GCC_WARN_64_TO_32_BIT_CONVERSION = YES;
				GCC_WARN_ABOUT_RETURN_TYPE = YES_ERROR;
				GCC_WARN_UNDECLARED_SELECTOR = YES;
				GCC_WARN_UNINITIALIZED_AUTOS = YES_AGGRESSIVE;
				GCC_WARN_UNUSED_FUNCTION = YES;
				GCC_WARN_UNUSED_VARIABLE = YES;
				IPHONEOS_DEPLOYMENT_TARGET = 11.0;
				MTL_ENABLE_DEBUG_INFO = NO;
				SDKROOT = iphoneos;
				VALIDATE_PRODUCT = YES;
			};
			name = Release;
		};
		E5541A141F14B45500035C20 /* Debug */ = {
			isa = XCBuildConfiguration;
			buildSettings = {
				ALWAYS_SEARCH_USER_PATHS = NO;
				ASSETCATALOG_COMPILER_APPICON_NAME = AppIcon;
				DEVELOPMENT_TEAM = 6J62AU9PV3;
				FRAMEWORK_SEARCH_PATHS = (
					"$(inherited)",
					"$(PROJECT_DIR)/VR_Example/vrsdk",
				);
				GCC_INPUT_FILETYPE = sourcecode.cpp.objcpp;
				INFOPLIST_FILE = VR_Example/Info.plist;
				IPHONEOS_DEPLOYMENT_TARGET = 10.1;
				LD_QUOTE_LINKER_ARGUMENTS_FOR_COMPILER_DRIVER = YES;
				LD_RUNPATH_SEARCH_PATHS = "$(inherited) @executable_path/Frameworks";
				LIBRARY_SEARCH_PATHS = (
					"$(inherited)",
					"$(PROJECT_DIR)/VR_Example/vrsdk",
				);
				OTHER_LDFLAGS = "";
				PRODUCT_BUNDLE_IDENTIFIER = com.marvr.MARVR;
				PRODUCT_NAME = "$(TARGET_NAME)";
				TARGETED_DEVICE_FAMILY = "1,2";
			};
			name = Debug;
		};
		E5541A151F14B45500035C20 /* Release */ = {
			isa = XCBuildConfiguration;
			buildSettings = {
				ALWAYS_SEARCH_USER_PATHS = NO;
				ASSETCATALOG_COMPILER_APPICON_NAME = AppIcon;
				DEVELOPMENT_TEAM = 6J62AU9PV3;
				FRAMEWORK_SEARCH_PATHS = (
					"$(inherited)",
					"$(PROJECT_DIR)/VR_Example/vrsdk",
				);
				GCC_INPUT_FILETYPE = sourcecode.cpp.objcpp;
				INFOPLIST_FILE = VR_Example/Info.plist;
				IPHONEOS_DEPLOYMENT_TARGET = 10.1;
				LD_QUOTE_LINKER_ARGUMENTS_FOR_COMPILER_DRIVER = YES;
				LD_RUNPATH_SEARCH_PATHS = "$(inherited) @executable_path/Frameworks";
				LIBRARY_SEARCH_PATHS = (
					"$(inherited)",
					"$(PROJECT_DIR)/VR_Example/vrsdk",
				);
				OTHER_LDFLAGS = "";
				PRODUCT_BUNDLE_IDENTIFIER = com.marvr.MARVR;
				PRODUCT_NAME = "$(TARGET_NAME)";
				TARGETED_DEVICE_FAMILY = "1,2";
			};
			name = Release;
		};
/* End XCBuildConfiguration section */

/* Begin XCConfigurationList section */
		E55419F81F14B45500035C20 /* Build configuration list for PBXProject "VR_Example" */ = {
			isa = XCConfigurationList;
			buildConfigurations = (
				E5541A111F14B45500035C20 /* Debug */,
				E5541A121F14B45500035C20 /* Release */,
			);
			defaultConfigurationIsVisible = 0;
			defaultConfigurationName = Release;
		};
		E5541A131F14B45500035C20 /* Build configuration list for PBXNativeTarget "VR_Example" */ = {
			isa = XCConfigurationList;
			buildConfigurations = (
				E5541A141F14B45500035C20 /* Debug */,
				E5541A151F14B45500035C20 /* Release */,
			);
			defaultConfigurationIsVisible = 0;
			defaultConfigurationName = Release;
		};
/* End XCConfigurationList section */
	};
	rootObject = E55419F51F14B45500035C20 /* Project object */;
}
