// !$*UTF8*$!
{
	archiveVersion = 1;
	classes = {
	};
	objectVersion = 48;
	objects = {

/* Begin PBXBuildFile section */
		E5541A021F14B45500035C20 /* AppDelegate.m in Sources */ = {isa = PBXBuildFile; fileRef = E5541A011F14B45500035C20 /* AppDelegate.m */; };
		E5541A0A1F14B45500035C20 /* Assets.xcassets in Resources */ = {isa = PBXBuildFile; fileRef = E5541A091F14B45500035C20 /* Assets.xcassets */; };
		E5541A0D1F14B45500035C20 /* LaunchScreen.storyboard in Resources */ = {isa = PBXBuildFile; fileRef = E5541A0B1F14B45500035C20 /* LaunchScreen.storyboard */; };
		E5541A101F14B45500035C20 /* main.m in Sources */ = {isa = PBXBuildFile; fileRef = E5541A0F1F14B45500035C20 /* main.m */; };
		E5541A181F14B4A100035C20 /* SZTViewController.m in Sources */ = {isa = PBXBuildFile; fileRef = E5541A171F14B4A100035C20 /* SZTViewController.m */; };
		E5541A711F14B75000035C20 /* BaseViewControllerDemo.m in Sources */ = {isa = PBXBuildFile; fileRef = E5541A6E1F14B74500035C20 /* BaseViewControllerDemo.m */; };
		E5541A721F14B75000035C20 /* SZT_AVPlayerDemo.m in Sources */ = {isa = PBXBuildFile; fileRef = E5541A701F14B74500035C20 /* SZT_AVPlayerDemo.m */; };
		E56DF8871F15C46200780FCC /* SZT_3DAudio.m in Sources */ = {isa = PBXBuildFile; fileRef = E56DF8851F15C45100780FCC /* SZT_3DAudio.m */; };
		E56DF8891F15C5AF00780FCC /* sound.mp3 in Resources */ = {isa = PBXBuildFile; fileRef = E56DF8881F15C5A600780FCC /* sound.mp3 */; };
		E5BDCD2A1F15CE4B006F5749 /* libVRSDK.a in Frameworks */ = {isa = PBXBuildFile; fileRef = E5E559701F14C482008559D8 /* libVRSDK.a */; };
		E5BDCD2B1F15CE50006F5749 /* IJKMediaFramework.framework in Frameworks */ = {isa = PBXBuildFile; fileRef = E5E5593A1F14C482008559D8 /* IJKMediaFramework.framework */; };
		E5BDCDDB1F15DBA7006F5749 /* SZT_LabelDemo.m in Sources */ = {isa = PBXBuildFile; fileRef = E5BDCDDA1F15DBA7006F5749 /* SZT_LabelDemo.m */; };
		E5BDCDDE1F15E55D006F5749 /* SZT_TouchDemo.m in Sources */ = {isa = PBXBuildFile; fileRef = E5BDCDDD1F15E55D006F5749 /* SZT_TouchDemo.m */; };
		E5E558981F14B8F7008559D8 /* VideoToolbox.framework in Frameworks */ = {isa = PBXBuildFile; fileRef = E5541A5E1F14B5AD00035C20 /* VideoToolbox.framework */; };
		E5E558991F14B8FD008559D8 /* libz.tbd in Frameworks */ = {isa = PBXBuildFile; fileRef = E5541A5F1F14B5B200035C20 /* libz.tbd */; };
		E5E559311F14BB1F008559D8 /* skyrim360.mp4 in Resources */ = {isa = PBXBuildFile; fileRef = E5E559301F14BB0D008559D8 /* skyrim360.mp4 */; };
		E5E559351F14C0CF008559D8 /* SZT_IJKPlayerDemo.m in Sources */ = {isa = PBXBuildFile; fileRef = E5E559331F14C0BA008559D8 /* SZT_IJKPlayerDemo.m */; };
		E5E559381F14C35B008559D8 /* SZT_ModeDisplayDemo.m in Sources */ = {isa = PBXBuildFile; fileRef = E5E559361F14C356008559D8 /* SZT_ModeDisplayDemo.m */; };
		E5E559781F14C4A2008559D8 /* Foundation+Log.m in Sources */ = {isa = PBXBuildFile; fileRef = E5E5594A1F14C482008559D8 /* Foundation+Log.m */; };
		E5E559791F14C4A2008559D8 /* UIView+Extension.m in Sources */ = {isa = PBXBuildFile; fileRef = E5E5594C1F14C482008559D8 /* UIView+Extension.m */; };
		E5E5597A1F14C4A2008559D8 /* action.m in Sources */ = {isa = PBXBuildFile; fileRef = E5E5594F1F14C482008559D8 /* action.m */; };
		E5E5597B1F14C4A2008559D8 /* material.m in Sources */ = {isa = PBXBuildFile; fileRef = E5E559511F14C482008559D8 /* material.m */; };
		E5E5597C1F14C4A2008559D8 /* objects.m in Sources */ = {isa = PBXBuildFile; fileRef = E5E559531F14C482008559D8 /* objects.m */; };
		E5E5597D1F14C4A2008559D8 /* properties.m in Sources */ = {isa = PBXBuildFile; fileRef = E5E559551F14C482008559D8 /* properties.m */; };
		E5E5597E1F14C4A2008559D8 /* scene.m in Sources */ = {isa = PBXBuildFile; fileRef = E5E559571F14C482008559D8 /* scene.m */; };
		E5E5597F1F14C4A2008559D8 /* vrkongfu.m in Sources */ = {isa = PBXBuildFile; fileRef = E5E5595A1F14C482008559D8 /* vrkongfu.m */; };
		E5E559801F14C4A2008559D8 /* widget.m in Sources */ = {isa = PBXBuildFile; fileRef = E5E5595C1F14C482008559D8 /* widget.m */; };
		E5E559811F14C4AF008559D8 /* default_logo.vrkongfu in Resources */ = {isa = PBXBuildFile; fileRef = E5E559721F14C482008559D8 /* default_logo.vrkongfu */; };
		E5E559821F14C4AF008559D8 /* focus_loading.png in Resources */ = {isa = PBXBuildFile; fileRef = E5E559731F14C482008559D8 /* focus_loading.png */; };
		E5E559831F14C4AF008559D8 /* placeholder.png in Resources */ = {isa = PBXBuildFile; fileRef = E5E559741F14C482008559D8 /* placeholder.png */; };
		E5E559841F14C4AF008559D8 /* placeholderBack.jpg in Resources */ = {isa = PBXBuildFile; fileRef = E5E559751F14C482008559D8 /* placeholderBack.jpg */; };
		E5E559871F14C530008559D8 /* SZT_ModeInteractiveDemo.m in Sources */ = {isa = PBXBuildFile; fileRef = E5E559861F14C4F7008559D8 /* SZT_ModeInteractiveDemo.m */; };
		E5E5598A1F14C66B008559D8 /* SZT_Animation3DDemo.m in Sources */ = {isa = PBXBuildFile; fileRef = E5E559891F14C664008559D8 /* SZT_Animation3DDemo.m */; };
		E5E5598C1F14C6D8008559D8 /* vrbackbround.jpg in Resources */ = {isa = PBXBuildFile; fileRef = E5E5598B1F14C6D1008559D8 /* vrbackbround.jpg */; };
		E5E5598E1F14C7AA008559D8 /* pic.jpg in Resources */ = {isa = PBXBuildFile; fileRef = E5E5598D1F14C738008559D8 /* pic.jpg */; };
		E5E559911F14CAB4008559D8 /* SZT_ImageViewDemo.m in Sources */ = {isa = PBXBuildFile; fileRef = E5E5598F1F14CAAA008559D8 /* SZT_ImageViewDemo.m */; };
		E5E559941F14CD71008559D8 /* SZT_GifDemo.m in Sources */ = {isa = PBXBuildFile; fileRef = E5E559921F14CD6B008559D8 /* SZT_GifDemo.m */; };
		E5E559961F14CEA2008559D8 /* gifTest.gif in Resources */ = {isa = PBXBuildFile; fileRef = E5E559951F14CE99008559D8 /* gifTest.gif */; };
		E5E5599B1F14D166008559D8 /* SZT_3DModel.m in Sources */ = {isa = PBXBuildFile; fileRef = E5E5599A1F14D15B008559D8 /* SZT_3DModel.m */; };
		E5E559A01F14D35A008559D8 /* cole.jpeg in Resources */ = {isa = PBXBuildFile; fileRef = E5E5599C1F14D34F008559D8 /* cole.jpeg */; };
		E5E559A11F14D35A008559D8 /* cole.obj in Resources */ = {isa = PBXBuildFile; fileRef = E5E5599D1F14D34F008559D8 /* cole.obj */; };
		E5E559A21F14D35A008559D8 /* Squelette.jpg in Resources */ = {isa = PBXBuildFile; fileRef = E5E5599F1F14D34F008559D8 /* Squelette.jpg */; };
		E5E559A31F14D35A008559D8 /* Squelette.md2 in Resources */ = {isa = PBXBuildFile; fileRef = E5E5599E1F14D34F008559D8 /* Squelette.md2 */; };
		E5E559A61F14D3E1008559D8 /* SZT_DistortionDemo.m in Sources */ = {isa = PBXBuildFile; fileRef = E5E559A51F14D3D7008559D8 /* SZT_DistortionDemo.m */; };
/* End PBXBuildFile section */

/* Begin PBXFileReference section */
		E5176A561F15CA8A00A94F78 /* OpenGLES.framework */ = {isa = PBXFileReference; lastKnownFileType = wrapper.framework; name = OpenGLES.framework; path = System/Library/Frameworks/OpenGLES.framework; sourceTree = SDKROOT; };
		E5176A581F15CA9100A94F78 /* OpenAL.framework */ = {isa = PBXFileReference; lastKnownFileType = wrapper.framework; name = OpenAL.framework; path = System/Library/Frameworks/OpenAL.framework; sourceTree = SDKROOT; };
		E55419FD1F14B45500035C20 /* VR_Example.app */ = {isa = PBXFileReference; explicitFileType = wrapper.application; includeInIndex = 0; path = VR_Example.app; sourceTree = BUILT_PRODUCTS_DIR; };
		E5541A001F14B45500035C20 /* AppDelegate.h */ = {isa = PBXFileReference; lastKnownFileType = sourcecode.c.h; path = AppDelegate.h; sourceTree = "<group>"; };
		E5541A011F14B45500035C20 /* AppDelegate.m */ = {isa = PBXFileReference; lastKnownFileType = sourcecode.c.objc; path = AppDelegate.m; sourceTree = "<group>"; };
		E5541A091F14B45500035C20 /* Assets.xcassets */ = {isa = PBXFileReference; lastKnownFileType = folder.assetcatalog; path = Assets.xcassets; sourceTree = "<group>"; };
		E5541A0C1F14B45500035C20 /* Base */ = {isa = PBXFileReference; lastKnownFileType = file.storyboard; name = Base; path = Base.lproj/LaunchScreen.storyboard; sourceTree = "<group>"; };
		E5541A0E1F14B45500035C20 /* Info.plist */ = {isa = PBXFileReference; lastKnownFileType = text.plist.xml; path = Info.plist; sourceTree = "<group>"; };
		E5541A0F1F14B45500035C20 /* main.m */ = {isa = PBXFileReference; lastKnownFileType = sourcecode.c.objc; path = main.m; sourceTree = "<group>"; };
		E5541A161F14B4A100035C20 /* SZTViewController.h */ = {isa = PBXFileReference; lastKnownFileType = sourcecode.c.h; path = SZTViewController.h; sourceTree = "<group>"; };
		E5541A171F14B4A100035C20 /* SZTViewController.m */ = {isa = PBXFileReference; lastKnownFileType = sourcecode.c.objc; path = SZTViewController.m; sourceTree = "<group>"; };
		E5541A5E1F14B5AD00035C20 /* VideoToolbox.framework */ = {isa = PBXFileReference; lastKnownFileType = wrapper.framework; name = VideoToolbox.framework; path = System/Library/Frameworks/VideoToolbox.framework; sourceTree = SDKROOT; };
		E5541A5F1F14B5B200035C20 /* libz.tbd */ = {isa = PBXFileReference; lastKnownFileType = "sourcecode.text-based-dylib-definition"; name = libz.tbd; path = usr/lib/libz.tbd; sourceTree = SDKROOT; };
		E5541A6D1F14B74500035C20 /* SZT_AVPlayerDemo.h */ = {isa = PBXFileReference; lastKnownFileType = sourcecode.c.h; path = SZT_AVPlayerDemo.h; sourceTree = "<group>"; };
		E5541A6E1F14B74500035C20 /* BaseViewControllerDemo.m */ = {isa = PBXFileReference; lastKnownFileType = sourcecode.c.objc; path = BaseViewControllerDemo.m; sourceTree = "<group>"; };
		E5541A6F1F14B74500035C20 /* BaseViewControllerDemo.h */ = {isa = PBXFileReference; lastKnownFileType = sourcecode.c.h; path = BaseViewControllerDemo.h; sourceTree = "<group>"; };
		E5541A701F14B74500035C20 /* SZT_AVPlayerDemo.m */ = {isa = PBXFileReference; lastKnownFileType = sourcecode.c.objc; path = SZT_AVPlayerDemo.m; sourceTree = "<group>"; };
		E56DF8851F15C45100780FCC /* SZT_3DAudio.m */ = {isa = PBXFileReference; lastKnownFileType = sourcecode.c.objc; path = SZT_3DAudio.m; sourceTree = "<group>"; };
		E56DF8861F15C45100780FCC /* SZT_3DAudio.h */ = {isa = PBXFileReference; lastKnownFileType = sourcecode.c.h; path = SZT_3DAudio.h; sourceTree = "<group>"; };
		E56DF8881F15C5A600780FCC /* sound.mp3 */ = {isa = PBXFileReference; lastKnownFileType = audio.mp3; path = sound.mp3; sourceTree = "<group>"; };
		E5BDCDD91F15DBA7006F5749 /* SZT_LabelDemo.h */ = {isa = PBXFileReference; fileEncoding = 4; lastKnownFileType = sourcecode.c.h; path = SZT_LabelDemo.h; sourceTree = "<group>"; };
		E5BDCDDA1F15DBA7006F5749 /* SZT_LabelDemo.m */ = {isa = PBXFileReference; fileEncoding = 4; lastKnownFileType = sourcecode.c.objc; path = SZT_LabelDemo.m; sourceTree = "<group>"; };
		E5BDCDDC1F15E55D006F5749 /* SZT_TouchDemo.h */ = {isa = PBXFileReference; fileEncoding = 4; lastKnownFileType = sourcecode.c.h; path = SZT_TouchDemo.h; sourceTree = "<group>"; };
		E5BDCDDD1F15E55D006F5749 /* SZT_TouchDemo.m */ = {isa = PBXFileReference; fileEncoding = 4; lastKnownFileType = sourcecode.c.objc; path = SZT_TouchDemo.m; sourceTree = "<group>"; };
		E5E559301F14BB0D008559D8 /* skyrim360.mp4 */ = {isa = PBXFileReference; lastKnownFileType = file; path = skyrim360.mp4; sourceTree = "<group>"; };
		E5E559331F14C0BA008559D8 /* SZT_IJKPlayerDemo.m */ = {isa = PBXFileReference; lastKnownFileType = sourcecode.c.objc; path = SZT_IJKPlayerDemo.m; sourceTree = "<group>"; };
		E5E559341F14C0BA008559D8 /* SZT_IJKPlayerDemo.h */ = {isa = PBXFileReference; lastKnownFileType = sourcecode.c.h; path = SZT_IJKPlayerDemo.h; sourceTree = "<group>"; };
		E5E559361F14C356008559D8 /* SZT_ModeDisplayDemo.m */ = {isa = PBXFileReference; lastKnownFileType = sourcecode.c.objc; path = SZT_ModeDisplayDemo.m; sourceTree = "<group>"; };
		E5E559371F14C356008559D8 /* SZT_ModeDisplayDemo.h */ = {isa = PBXFileReference; lastKnownFileType = sourcecode.c.h; path = SZT_ModeDisplayDemo.h; sourceTree = "<group>"; };
		E5E5593A1F14C482008559D8 /* IJKMediaFramework.framework */ = {isa = PBXFileReference; lastKnownFileType = wrapper.framework; path = IJKMediaFramework.framework; sourceTree = "<group>"; };
		E5E5593D1F14C482008559D8 /* AABB.h */ = {isa = PBXFileReference; lastKnownFileType = sourcecode.c.h; path = AABB.h; sourceTree = "<group>"; };
		E5E5593E1F14C482008559D8 /* Box.h */ = {isa = PBXFileReference; lastKnownFileType = sourcecode.c.h; path = Box.h; sourceTree = "<group>"; };
		E5E5593F1F14C482008559D8 /* MathC.h */ = {isa = PBXFileReference; lastKnownFileType = sourcecode.c.h; path = MathC.h; sourceTree = "<group>"; };
		E5E559401F14C482008559D8 /* OBB.h */ = {isa = PBXFileReference; lastKnownFileType = sourcecode.c.h; path = OBB.h; sourceTree = "<group>"; };
		E5E559411F14C482008559D8 /* SceneTransitionTool.h */ = {isa = PBXFileReference; lastKnownFileType = sourcecode.c.h; path = SceneTransitionTool.h; sourceTree = "<group>"; };
		E5E559421F14C482008559D8 /* SZTCamera.h */ = {isa = PBXFileReference; lastKnownFileType = sourcecode.c.h; path = SZTCamera.h; sourceTree = "<group>"; };
		E5E559431F14C482008559D8 /* SZTObject3D.h */ = {isa = PBXFileReference; lastKnownFileType = sourcecode.c.h; path = SZTObject3D.h; sourceTree = "<group>"; };
		E5E559441F14C482008559D8 /* SZTProgram.h */ = {isa = PBXFileReference; lastKnownFileType = sourcecode.c.h; path = SZTProgram.h; sourceTree = "<group>"; };
		E5E559451F14C482008559D8 /* SZTTexture.h */ = {isa = PBXFileReference; lastKnownFileType = sourcecode.c.h; path = SZTTexture.h; sourceTree = "<group>"; };
		E5E559461F14C482008559D8 /* SZTTouch.h */ = {isa = PBXFileReference; lastKnownFileType = sourcecode.c.h; path = SZTTouch.h; sourceTree = "<group>"; };
		E5E559471F14C482008559D8 /* VIMVideoPlayer.h */ = {isa = PBXFileReference; lastKnownFileType = sourcecode.c.h; path = VIMVideoPlayer.h; sourceTree = "<group>"; };
		E5E5594A1F14C482008559D8 /* Foundation+Log.m */ = {isa = PBXFileReference; lastKnownFileType = sourcecode.c.objc; path = "Foundation+Log.m"; sourceTree = "<group>"; };
		E5E5594B1F14C482008559D8 /* UIView+Extension.h */ = {isa = PBXFileReference; lastKnownFileType = sourcecode.c.h; path = "UIView+Extension.h"; sourceTree = "<group>"; };
		E5E5594C1F14C482008559D8 /* UIView+Extension.m */ = {isa = PBXFileReference; lastKnownFileType = sourcecode.c.objc; path = "UIView+Extension.m"; sourceTree = "<group>"; };
		E5E5594E1F14C482008559D8 /* action.h */ = {isa = PBXFileReference; lastKnownFileType = sourcecode.c.h; path = action.h; sourceTree = "<group>"; };
		E5E5594F1F14C482008559D8 /* action.m */ = {isa = PBXFileReference; lastKnownFileType = sourcecode.c.objc; path = action.m; sourceTree = "<group>"; };
		E5E559501F14C482008559D8 /* material.h */ = {isa = PBXFileReference; lastKnownFileType = sourcecode.c.h; path = material.h; sourceTree = "<group>"; };
		E5E559511F14C482008559D8 /* material.m */ = {isa = PBXFileReference; lastKnownFileType = sourcecode.c.objc; path = material.m; sourceTree = "<group>"; };
		E5E559521F14C482008559D8 /* objects.h */ = {isa = PBXFileReference; lastKnownFileType = sourcecode.c.h; path = objects.h; sourceTree = "<group>"; };
		E5E559531F14C482008559D8 /* objects.m */ = {isa = PBXFileReference; lastKnownFileType = sourcecode.c.objc; path = objects.m; sourceTree = "<group>"; };
		E5E559541F14C482008559D8 /* properties.h */ = {isa = PBXFileReference; lastKnownFileType = sourcecode.c.h; path = properties.h; sourceTree = "<group>"; };
		E5E559551F14C482008559D8 /* properties.m */ = {isa = PBXFileReference; lastKnownFileType = sourcecode.c.objc; path = properties.m; sourceTree = "<group>"; };
		E5E559561F14C482008559D8 /* scene.h */ = {isa = PBXFileReference; lastKnownFileType = sourcecode.c.h; path = scene.h; sourceTree = "<group>"; };
		E5E559571F14C482008559D8 /* scene.m */ = {isa = PBXFileReference; lastKnownFileType = sourcecode.c.objc; path = scene.m; sourceTree = "<group>"; };
		E5E559581F14C482008559D8 /* SZTJson.h */ = {isa = PBXFileReference; lastKnownFileType = sourcecode.c.h; path = SZTJson.h; sourceTree = "<group>"; };
		E5E559591F14C482008559D8 /* vrkongfu.h */ = {isa = PBXFileReference; lastKnownFileType = sourcecode.c.h; path = vrkongfu.h; sourceTree = "<group>"; };
		E5E5595A1F14C482008559D8 /* vrkongfu.m */ = {isa = PBXFileReference; lastKnownFileType = sourcecode.c.objc; path = vrkongfu.m; sourceTree = "<group>"; };
		E5E5595B1F14C482008559D8 /* widget.h */ = {isa = PBXFileReference; lastKnownFileType = sourcecode.c.h; path = widget.h; sourceTree = "<group>"; };
		E5E5595C1F14C482008559D8 /* widget.m */ = {isa = PBXFileReference; lastKnownFileType = sourcecode.c.objc; path = widget.m; sourceTree = "<group>"; };
		E5E5595D1F14C482008559D8 /* SZTLibrary.h */ = {isa = PBXFileReference; lastKnownFileType = sourcecode.c.h; path = SZTLibrary.h; sourceTree = "<group>"; };
		E5E5595F1F14C482008559D8 /* ScriptUI.h */ = {isa = PBXFileReference; lastKnownFileType = sourcecode.c.h; path = ScriptUI.h; sourceTree = "<group>"; };
		E5E559601F14C482008559D8 /* Sound.h */ = {isa = PBXFileReference; lastKnownFileType = sourcecode.c.h; path = Sound.h; sourceTree = "<group>"; };
		E5E559611F14C482008559D8 /* SZTAlertView.h */ = {isa = PBXFileReference; lastKnownFileType = sourcecode.c.h; path = SZTAlertView.h; sourceTree = "<group>"; };
		E5E559621F14C482008559D8 /* SZTAudio.h */ = {isa = PBXFileReference; lastKnownFileType = sourcecode.c.h; path = SZTAudio.h; sourceTree = "<group>"; };
		E5E559631F14C482008559D8 /* SZTBaseObject.h */ = {isa = PBXFileReference; lastKnownFileType = sourcecode.c.h; path = SZTBaseObject.h; sourceTree = "<group>"; };
		E5E559641F14C482008559D8 /* SZTGif.h */ = {isa = PBXFileReference; lastKnownFileType = sourcecode.c.h; path = SZTGif.h; sourceTree = "<group>"; };
		E5E559651F14C482008559D8 /* SZTImageView.h */ = {isa = PBXFileReference; lastKnownFileType = sourcecode.c.h; path = SZTImageView.h; sourceTree = "<group>"; };
		E5E559661F14C482008559D8 /* SZTLabel.h */ = {isa = PBXFileReference; lastKnownFileType = sourcecode.c.h; path = SZTLabel.h; sourceTree = "<group>"; };
		E5E559671F14C482008559D8 /* SZTMD2Model.h */ = {isa = PBXFileReference; lastKnownFileType = sourcecode.c.h; path = SZTMD2Model.h; sourceTree = "<group>"; };
		E5E559681F14C482008559D8 /* SZTObjModel.h */ = {isa = PBXFileReference; lastKnownFileType = sourcecode.c.h; path = SZTObjModel.h; sourceTree = "<group>"; };
		E5E559691F14C482008559D8 /* SZTParticle.h */ = {isa = PBXFileReference; lastKnownFileType = sourcecode.c.h; path = SZTParticle.h; sourceTree = "<group>"; };
		E5E5596A1F14C482008559D8 /* SZTPoint.h */ = {isa = PBXFileReference; lastKnownFileType = sourcecode.c.h; path = SZTPoint.h; sourceTree = "<group>"; };
		E5E5596B1F14C482008559D8 /* SZTPrograssBar.h */ = {isa = PBXFileReference; lastKnownFileType = sourcecode.c.h; path = SZTPrograssBar.h; sourceTree = "<group>"; };
		E5E5596C1F14C482008559D8 /* SZTRenderObject.h */ = {isa = PBXFileReference; lastKnownFileType = sourcecode.c.h; path = SZTRenderObject.h; sourceTree = "<group>"; };
		E5E5596D1F14C482008559D8 /* SZTShineBar.h */ = {isa = PBXFileReference; lastKnownFileType = sourcecode.c.h; path = SZTShineBar.h; sourceTree = "<group>"; };
		E5E5596E1F14C482008559D8 /* SZTTextView.h */ = {isa = PBXFileReference; lastKnownFileType = sourcecode.c.h; path = SZTTextView.h; sourceTree = "<group>"; };
		E5E5596F1F14C482008559D8 /* SZTVideo.h */ = {isa = PBXFileReference; lastKnownFileType = sourcecode.c.h; path = SZTVideo.h; sourceTree = "<group>"; };
		E5E559701F14C482008559D8 /* libVRSDK.a */ = {isa = PBXFileReference; lastKnownFileType = archive.ar; path = libVRSDK.a; sourceTree = "<group>"; };
		E5E559721F14C482008559D8 /* default_logo.vrkongfu */ = {isa = PBXFileReference; lastKnownFileType = file; path = default_logo.vrkongfu; sourceTree = "<group>"; };
		E5E559731F14C482008559D8 /* focus_loading.png */ = {isa = PBXFileReference; lastKnownFileType = image.png; path = focus_loading.png; sourceTree = "<group>"; };
		E5E559741F14C482008559D8 /* placeholder.png */ = {isa = PBXFileReference; lastKnownFileType = image.png; path = placeholder.png; sourceTree = "<group>"; };
		E5E559751F14C482008559D8 /* placeholderBack.jpg */ = {isa = PBXFileReference; lastKnownFileType = image.jpeg; path = placeholderBack.jpg; sourceTree = "<group>"; };
		E5E559851F14C4F7008559D8 /* SZT_ModeInteractiveDemo.h */ = {isa = PBXFileReference; lastKnownFileType = sourcecode.c.h; path = SZT_ModeInteractiveDemo.h; sourceTree = "<group>"; };
		E5E559861F14C4F7008559D8 /* SZT_ModeInteractiveDemo.m */ = {isa = PBXFileReference; lastKnownFileType = sourcecode.c.objc; path = SZT_ModeInteractiveDemo.m; sourceTree = "<group>"; };
		E5E559881F14C664008559D8 /* SZT_Animation3DDemo.h */ = {isa = PBXFileReference; lastKnownFileType = sourcecode.c.h; path = SZT_Animation3DDemo.h; sourceTree = "<group>"; };
		E5E559891F14C664008559D8 /* SZT_Animation3DDemo.m */ = {isa = PBXFileReference; lastKnownFileType = sourcecode.c.objc; path = SZT_Animation3DDemo.m; sourceTree = "<group>"; };
		E5E5598B1F14C6D1008559D8 /* vrbackbround.jpg */ = {isa = PBXFileReference; lastKnownFileType = image.jpeg; path = vrbackbround.jpg; sourceTree = "<group>"; };
		E5E5598D1F14C738008559D8 /* pic.jpg */ = {isa = PBXFileReference; lastKnownFileType = image.jpeg; path = pic.jpg; sourceTree = "<group>"; };
		E5E5598F1F14CAAA008559D8 /* SZT_ImageViewDemo.m */ = {isa = PBXFileReference; lastKnownFileType = sourcecode.c.objc; path = SZT_ImageViewDemo.m; sourceTree = "<group>"; };
		E5E559901F14CAAA008559D8 /* SZT_ImageViewDemo.h */ = {isa = PBXFileReference; lastKnownFileType = sourcecode.c.h; path = SZT_ImageViewDemo.h; sourceTree = "<group>"; };
		E5E559921F14CD6B008559D8 /* SZT_GifDemo.m */ = {isa = PBXFileReference; lastKnownFileType = sourcecode.c.objc; path = SZT_GifDemo.m; sourceTree = "<group>"; };
		E5E559931F14CD6B008559D8 /* SZT_GifDemo.h */ = {isa = PBXFileReference; lastKnownFileType = sourcecode.c.h; path = SZT_GifDemo.h; sourceTree = "<group>"; };
		E5E559951F14CE99008559D8 /* gifTest.gif */ = {isa = PBXFileReference; lastKnownFileType = image.gif; path = gifTest.gif; sourceTree = "<group>"; };
		E5E559991F14D15A008559D8 /* SZT_3DModel.h */ = {isa = PBXFileReference; lastKnownFileType = sourcecode.c.h; path = SZT_3DModel.h; sourceTree = "<group>"; };
		E5E5599A1F14D15B008559D8 /* SZT_3DModel.m */ = {isa = PBXFileReference; lastKnownFileType = sourcecode.c.objc; path = SZT_3DModel.m; sourceTree = "<group>"; };
		E5E5599C1F14D34F008559D8 /* cole.jpeg */ = {isa = PBXFileReference; lastKnownFileType = image.jpeg; path = cole.jpeg; sourceTree = "<group>"; };
		E5E5599D1F14D34F008559D8 /* cole.obj */ = {isa = PBXFileReference; lastKnownFileType = text; path = cole.obj; sourceTree = "<group>"; };
		E5E5599E1F14D34F008559D8 /* Squelette.md2 */ = {isa = PBXFileReference; lastKnownFileType = file; path = Squelette.md2; sourceTree = "<group>"; };
		E5E5599F1F14D34F008559D8 /* Squelette.jpg */ = {isa = PBXFileReference; lastKnownFileType = image.jpeg; path = Squelette.jpg; sourceTree = "<group>"; };
		E5E559A41F14D3D7008559D8 /* SZT_DistortionDemo.h */ = {isa = PBXFileReference; lastKnownFileType = sourcecode.c.h; path = SZT_DistortionDemo.h; sourceTree = "<group>"; };
		E5E559A51F14D3D7008559D8 /* SZT_DistortionDemo.m */ = {isa = PBXFileReference; lastKnownFileType = sourcecode.c.objc; path = SZT_DistortionDemo.m; sourceTree = "<group>"; };
/* End PBXFileReference section */

/* Begin PBXFrameworksBuildPhase section */
		E55419FA1F14B45500035C20 /* Frameworks */ = {
			isa = PBXFrameworksBuildPhase;
			buildActionMask = 2147483647;
			files = (
				E5BDCD2B1F15CE50006F5749 /* IJKMediaFramework.framework in Frameworks */,
				E5BDCD2A1F15CE4B006F5749 /* libVRSDK.a in Frameworks */,
				E5E558991F14B8FD008559D8 /* libz.tbd in Frameworks */,
				E5E558981F14B8F7008559D8 /* VideoToolbox.framework in Frameworks */,
			);
			runOnlyForDeploymentPostprocessing = 0;
		};
/* End PBXFrameworksBuildPhase section */

/* Begin PBXGroup section */
		E55419F41F14B45500035C20 = {
			isa = PBXGroup;
			children = (
				E55419FF1F14B45500035C20 /* VR_Example */,
				E55419FE1F14B45500035C20 /* Products */,
				E5541A5D1F14B5AD00035C20 /* Frameworks */,
			);
			sourceTree = "<group>";
		};
		E55419FE1F14B45500035C20 /* Products */ = {
			isa = PBXGroup;
			children = (
				E55419FD1F14B45500035C20 /* VR_Example.app */,
			);
			name = Products;
			sourceTree = "<group>";
		};
		E55419FF1F14B45500035C20 /* VR_Example */ = {
			isa = PBXGroup;
			children = (
				E5E559391F14C482008559D8 /* vrsdk */,
				E5541A001F14B45500035C20 /* AppDelegate.h */,
				E5541A011F14B45500035C20 /* AppDelegate.m */,
				E5541A161F14B4A100035C20 /* SZTViewController.h */,
				E5541A171F14B4A100035C20 /* SZTViewController.m */,
				E5541A6C1F14B68F00035C20 /* Demo */,
				E5E5592F1F14BAE0008559D8 /* Resources */,
				E5541A0B1F14B45500035C20 /* LaunchScreen.storyboard */,
				E5541A0E1F14B45500035C20 /* Info.plist */,
				E5541A091F14B45500035C20 /* Assets.xcassets */,
				E5541A0F1F14B45500035C20 /* main.m */,
			);
			path = VR_Example;
			sourceTree = "<group>";
		};
		E5541A5D1F14B5AD00035C20 /* Frameworks */ = {
			isa = PBXGroup;
			children = (
				E5176A581F15CA9100A94F78 /* OpenAL.framework */,
				E5176A561F15CA8A00A94F78 /* OpenGLES.framework */,
				E5541A5F1F14B5B200035C20 /* libz.tbd */,
				E5541A5E1F14B5AD00035C20 /* VideoToolbox.framework */,
			);
			name = Frameworks;
			sourceTree = "<group>";
		};
		E5541A6C1F14B68F00035C20 /* Demo */ = {
			isa = PBXGroup;
			children = (
				E5541A6F1F14B74500035C20 /* BaseViewControllerDemo.h */,
				E5541A6E1F14B74500035C20 /* BaseViewControllerDemo.m */,
				E5541A6D1F14B74500035C20 /* SZT_AVPlayerDemo.h */,
				E5541A701F14B74500035C20 /* SZT_AVPlayerDemo.m */,
				E5E559341F14C0BA008559D8 /* SZT_IJKPlayerDemo.h */,
				E5E559331F14C0BA008559D8 /* SZT_IJKPlayerDemo.m */,
				E5E559371F14C356008559D8 /* SZT_ModeDisplayDemo.h */,
				E5E559361F14C356008559D8 /* SZT_ModeDisplayDemo.m */,
				E5E559851F14C4F7008559D8 /* SZT_ModeInteractiveDemo.h */,
				E5E559861F14C4F7008559D8 /* SZT_ModeInteractiveDemo.m */,
				E5E559881F14C664008559D8 /* SZT_Animation3DDemo.h */,
				E5E559891F14C664008559D8 /* SZT_Animation3DDemo.m */,
				E5E559901F14CAAA008559D8 /* SZT_ImageViewDemo.h */,
				E5E5598F1F14CAAA008559D8 /* SZT_ImageViewDemo.m */,
				E5E559931F14CD6B008559D8 /* SZT_GifDemo.h */,
				E5E559921F14CD6B008559D8 /* SZT_GifDemo.m */,
				E5E559991F14D15A008559D8 /* SZT_3DModel.h */,
				E5E5599A1F14D15B008559D8 /* SZT_3DModel.m */,
				E5E559A41F14D3D7008559D8 /* SZT_DistortionDemo.h */,
				E5E559A51F14D3D7008559D8 /* SZT_DistortionDemo.m */,
				E56DF8861F15C45100780FCC /* SZT_3DAudio.h */,
				E56DF8851F15C45100780FCC /* SZT_3DAudio.m */,
				E5BDCDD91F15DBA7006F5749 /* SZT_LabelDemo.h */,
				E5BDCDDA1F15DBA7006F5749 /* SZT_LabelDemo.m */,
				E5BDCDDC1F15E55D006F5749 /* SZT_TouchDemo.h */,
				E5BDCDDD1F15E55D006F5749 /* SZT_TouchDemo.m */,
			);
			path = Demo;
			sourceTree = "<group>";
		};
		E5E5592F1F14BAE0008559D8 /* Resources */ = {
			isa = PBXGroup;
			children = (
				E5E559301F14BB0D008559D8 /* skyrim360.mp4 */,
				E5E5598B1F14C6D1008559D8 /* vrbackbround.jpg */,
				E5E5598D1F14C738008559D8 /* pic.jpg */,
				E5E559951F14CE99008559D8 /* gifTest.gif */,
				E5E5599C1F14D34F008559D8 /* cole.jpeg */,
				E5E5599D1F14D34F008559D8 /* cole.obj */,
				E5E5599F1F14D34F008559D8 /* Squelette.jpg */,
				E5E5599E1F14D34F008559D8 /* Squelette.md2 */,
				E56DF8881F15C5A600780FCC /* sound.mp3 */,
			);
			path = Resources;
			sourceTree = "<group>";
		};
		E5E559391F14C482008559D8 /* vrsdk */ = {
			isa = PBXGroup;
			children = (
				E5E5593A1F14C482008559D8 /* IJKMediaFramework.framework */,
				E5E5593B1F14C482008559D8 /* include */,
				E5E559701F14C482008559D8 /* libVRSDK.a */,
				E5E559711F14C482008559D8 /* Res */,
			);
			path = vrsdk;
			sourceTree = "<group>";
		};
		E5E5593B1F14C482008559D8 /* include */ = {
			isa = PBXGroup;
			children = (
				E5E5593C1F14C482008559D8 /* Base */,
				E5E559481F14C482008559D8 /* Other */,
				E5E5595D1F14C482008559D8 /* SZTLibrary.h */,
				E5E5595E1F14C482008559D8 /* UI */,
			);
			path = include;
			sourceTree = "<group>";
		};
		E5E5593C1F14C482008559D8 /* Base */ = {
			isa = PBXGroup;
			children = (
				E5E5593D1F14C482008559D8 /* AABB.h */,
				E5E5593E1F14C482008559D8 /* Box.h */,
				E5E5593F1F14C482008559D8 /* MathC.h */,
				E5E559401F14C482008559D8 /* OBB.h */,
				E5E559411F14C482008559D8 /* SceneTransitionTool.h */,
				E5E559421F14C482008559D8 /* SZTCamera.h */,
				E5E559431F14C482008559D8 /* SZTObject3D.h */,
				E5E559441F14C482008559D8 /* SZTProgram.h */,
				E5E559451F14C482008559D8 /* SZTTexture.h */,
				E5E559461F14C482008559D8 /* SZTTouch.h */,
				E5E559471F14C482008559D8 /* VIMVideoPlayer.h */,
			);
			path = Base;
			sourceTree = "<group>";
		};
		E5E559481F14C482008559D8 /* Other */ = {
			isa = PBXGroup;
			children = (
				E5E559491F14C482008559D8 /* Categorys */,
				E5E5594D1F14C482008559D8 /* JsonModel */,
			);
			path = Other;
			sourceTree = "<group>";
		};
		E5E559491F14C482008559D8 /* Categorys */ = {
			isa = PBXGroup;
			children = (
				E5E5594A1F14C482008559D8 /* Foundation+Log.m */,
				E5E5594B1F14C482008559D8 /* UIView+Extension.h */,
				E5E5594C1F14C482008559D8 /* UIView+Extension.m */,
			);
			path = Categorys;
			sourceTree = "<group>";
		};
		E5E5594D1F14C482008559D8 /* JsonModel */ = {
			isa = PBXGroup;
			children = (
				E5E5594E1F14C482008559D8 /* action.h */,
				E5E5594F1F14C482008559D8 /* action.m */,
				E5E559501F14C482008559D8 /* material.h */,
				E5E559511F14C482008559D8 /* material.m */,
				E5E559521F14C482008559D8 /* objects.h */,
				E5E559531F14C482008559D8 /* objects.m */,
				E5E559541F14C482008559D8 /* properties.h */,
				E5E559551F14C482008559D8 /* properties.m */,
				E5E559561F14C482008559D8 /* scene.h */,
				E5E559571F14C482008559D8 /* scene.m */,
				E5E559581F14C482008559D8 /* SZTJson.h */,
				E5E559591F14C482008559D8 /* vrkongfu.h */,
				E5E5595A1F14C482008559D8 /* vrkongfu.m */,
				E5E5595B1F14C482008559D8 /* widget.h */,
				E5E5595C1F14C482008559D8 /* widget.m */,
			);
			path = JsonModel;
			sourceTree = "<group>";
		};
		E5E5595E1F14C482008559D8 /* UI */ = {
			isa = PBXGroup;
			children = (
				E5E5595F1F14C482008559D8 /* ScriptUI.h */,
				E5E559601F14C482008559D8 /* Sound.h */,
				E5E559611F14C482008559D8 /* SZTAlertView.h */,
				E5E559621F14C482008559D8 /* SZTAudio.h */,
				E5E559631F14C482008559D8 /* SZTBaseObject.h */,
				E5E559641F14C482008559D8 /* SZTGif.h */,
				E5E559651F14C482008559D8 /* SZTImageView.h */,
				E5E559661F14C482008559D8 /* SZTLabel.h */,
				E5E559671F14C482008559D8 /* SZTMD2Model.h */,
				E5E559681F14C482008559D8 /* SZTObjModel.h */,
				E5E559691F14C482008559D8 /* SZTParticle.h */,
				E5E5596A1F14C482008559D8 /* SZTPoint.h */,
				E5E5596B1F14C482008559D8 /* SZTPrograssBar.h */,
				E5E5596C1F14C482008559D8 /* SZTRenderObject.h */,
				E5E5596D1F14C482008559D8 /* SZTShineBar.h */,
				E5E5596E1F14C482008559D8 /* SZTTextView.h */,
				E5E5596F1F14C482008559D8 /* SZTVideo.h */,
			);
			path = UI;
			sourceTree = "<group>";
		};
		E5E559711F14C482008559D8 /* Res */ = {
			isa = PBXGroup;
			children = (
				E5E559721F14C482008559D8 /* default_logo.vrkongfu */,
				E5E559731F14C482008559D8 /* focus_loading.png */,
				E5E559741F14C482008559D8 /* placeholder.png */,
				E5E559751F14C482008559D8 /* placeholderBack.jpg */,
			);
			path = Res;
			sourceTree = "<group>";
		};
/* End PBXGroup section */

/* Begin PBXNativeTarget section */
		E55419FC1F14B45500035C20 /* VR_Example */ = {
			isa = PBXNativeTarget;
			buildConfigurationList = E5541A131F14B45500035C20 /* Build configuration list for PBXNativeTarget "VR_Example" */;
			buildPhases = (
				E55419F91F14B45500035C20 /* Sources */,
				E55419FA1F14B45500035C20 /* Frameworks */,
				E55419FB1F14B45500035C20 /* Resources */,
			);
			buildRules = (
			);
			dependencies = (
			);
			name = VR_Example;
			productName = VR_Example;
			productReference = E55419FD1F14B45500035C20 /* VR_Example.app */;
			productType = "com.apple.product-type.application";
		};
/* End PBXNativeTarget section */

/* Begin PBXProject section */
		E55419F51F14B45500035C20 /* Project object */ = {
			isa = PBXProject;
			attributes = {
				LastUpgradeCheck = 0900;
				ORGANIZATIONNAME = VR;
				TargetAttributes = {
					E55419FC1F14B45500035C20 = {
						CreatedOnToolsVersion = 9.0;
					};
				};
			};
			buildConfigurationList = E55419F81F14B45500035C20 /* Build configuration list for PBXProject "VR_Example" */;
			compatibilityVersion = "Xcode 8.0";
			developmentRegion = en;
			hasScannedForEncodings = 0;
			knownRegions = (
				en,
				Base,
			);
			mainGroup = E55419F41F14B45500035C20;
			productRefGroup = E55419FE1F14B45500035C20 /* Products */;
			projectDirPath = "";
			projectRoot = "";
			targets = (
				E55419FC1F14B45500035C20 /* VR_Example */,
			);
		};
/* End PBXProject section */

/* Begin PBXResourcesBuildPhase section */
		E55419FB1F14B45500035C20 /* Resources */ = {
			isa = PBXResourcesBuildPhase;
			buildActionMask = 2147483647;
			files = (
				E56DF8891F15C5AF00780FCC /* sound.mp3 in Resources */,
				E5E559A01F14D35A008559D8 /* cole.jpeg in Resources */,
				E5E559A11F14D35A008559D8 /* cole.obj in Resources */,
				E5E559A21F14D35A008559D8 /* Squelette.jpg in Resources */,
				E5E559A31F14D35A008559D8 /* Squelette.md2 in Resources */,
				E5E559961F14CEA2008559D8 /* gifTest.gif in Resources */,
				E5E5598E1F14C7AA008559D8 /* pic.jpg in Resources */,
				E5E5598C1F14C6D8008559D8 /* vrbackbround.jpg in Resources */,
				E5E559811F14C4AF008559D8 /* default_logo.vrkongfu in Resources */,
				E5E559821F14C4AF008559D8 /* focus_loading.png in Resources */,
				E5E559831F14C4AF008559D8 /* placeholder.png in Resources */,
				E5E559841F14C4AF008559D8 /* placeholderBack.jpg in Resources */,
				E5E559311F14BB1F008559D8 /* skyrim360.mp4 in Resources */,
				E5541A0D1F14B45500035C20 /* LaunchScreen.storyboard in Resources */,
				E5541A0A1F14B45500035C20 /* Assets.xcassets in Resources */,
			);
			runOnlyForDeploymentPostprocessing = 0;
		};
/* End PBXResourcesBuildPhase section */

/* Begin PBXSourcesBuildPhase section */
		E55419F91F14B45500035C20 /* Sources */ = {
			isa = PBXSourcesBuildPhase;
			buildActionMask = 2147483647;
			files = (
				E56DF8871F15C46200780FCC /* SZT_3DAudio.m in Sources */,
				E5E559A61F14D3E1008559D8 /* SZT_DistortionDemo.m in Sources */,
				E5E5599B1F14D166008559D8 /* SZT_3DModel.m in Sources */,
				E5E559941F14CD71008559D8 /* SZT_GifDemo.m in Sources */,
				E5E559911F14CAB4008559D8 /* SZT_ImageViewDemo.m in Sources */,
				E5E5598A1F14C66B008559D8 /* SZT_Animation3DDemo.m in Sources */,
				E5E559871F14C530008559D8 /* SZT_ModeInteractiveDemo.m in Sources */,
				E5E559781F14C4A2008559D8 /* Foundation+Log.m in Sources */,
				E5E559791F14C4A2008559D8 /* UIView+Extension.m in Sources */,
				E5E5597A1F14C4A2008559D8 /* action.m in Sources */,
				E5BDCDDE1F15E55D006F5749 /* SZT_TouchDemo.m in Sources */,
				E5E5597B1F14C4A2008559D8 /* material.m in Sources */,
				E5E5597C1F14C4A2008559D8 /* objects.m in Sources */,
				E5E5597D1F14C4A2008559D8 /* properties.m in Sources */,
				E5E5597E1F14C4A2008559D8 /* scene.m in Sources */,
				E5E5597F1F14C4A2008559D8 /* vrkongfu.m in Sources */,
				E5E559801F14C4A2008559D8 /* widget.m in Sources */,
				E5E559381F14C35B008559D8 /* SZT_ModeDisplayDemo.m in Sources */,
				E5E559351F14C0CF008559D8 /* SZT_IJKPlayerDemo.m in Sources */,
				E5541A711F14B75000035C20 /* BaseViewControllerDemo.m in Sources */,
				E5541A721F14B75000035C20 /* SZT_AVPlayerDemo.m in Sources */,
				E5541A101F14B45500035C20 /* main.m in Sources */,
				E5541A181F14B4A100035C20 /* SZTViewController.m in Sources */,
				E5BDCDDB1F15DBA7006F5749 /* SZT_LabelDemo.m in Sources */,
				E5541A021F14B45500035C20 /* AppDelegate.m in Sources */,
			);
			runOnlyForDeploymentPostprocessing = 0;
		};
/* End PBXSourcesBuildPhase section */

/* Begin PBXVariantGroup section */
		E5541A0B1F14B45500035C20 /* LaunchScreen.storyboard */ = {
			isa = PBXVariantGroup;
			children = (
				E5541A0C1F14B45500035C20 /* Base */,
			);
			name = LaunchScreen.storyboard;
			sourceTree = "<group>";
		};
/* End PBXVariantGroup section */

/* Begin XCBuildConfiguration section */
		E5541A111F14B45500035C20 /* Debug */ = {
			isa = XCBuildConfiguration;
			buildSettings = {
				ALWAYS_SEARCH_USER_PATHS = NO;
				CLANG_ANALYZER_NONNULL = YES;
				CLANG_ANALYZER_NUMBER_OBJECT_CONVERSION = YES_AGGRESSIVE;
				CLANG_CXX_LANGUAGE_STANDARD = "gnu++14";
				CLANG_CXX_LIBRARY = "libc++";
				CLANG_ENABLE_MODULES = YES;
				CLANG_ENABLE_OBJC_ARC = YES;
				CLANG_WARN_BLOCK_CAPTURE_AUTORELEASING = YES;
				CLANG_WARN_BOOL_CONVERSION = YES;
				CLANG_WARN_COMMA = YES;
				CLANG_WARN_CONSTANT_CONVERSION = YES;
				CLANG_WARN_DIRECT_OBJC_ISA_USAGE = YES_ERROR;
				CLANG_WARN_DOCUMENTATION_COMMENTS = YES;
				CLANG_WARN_EMPTY_BODY = YES;
				CLANG_WARN_ENUM_CONVERSION = YES;
				CLANG_WARN_INFINITE_RECURSION = YES;
				CLANG_WARN_INT_CONVERSION = YES;
				CLANG_WARN_OBJC_ROOT_CLASS = YES_ERROR;
				CLANG_WARN_RANGE_LOOP_ANALYSIS = YES;
				CLANG_WARN_STRICT_PROTOTYPES = YES;
				CLANG_WARN_SUSPICIOUS_MOVE = YES;
				CLANG_WARN_UNGUARDED_AVAILABILITY = YES_AGGRESSIVE;
				CLANG_WARN_UNREACHABLE_CODE = YES;
				CLANG_WARN__DUPLICATE_METHOD_MATCH = YES;
				CODE_SIGN_IDENTITY = "iPhone Developer";
				COPY_PHASE_STRIP = NO;
				DEBUG_INFORMATION_FORMAT = dwarf;
				ENABLE_STRICT_OBJC_MSGSEND = YES;
				ENABLE_TESTABILITY = YES;
				GCC_C_LANGUAGE_STANDARD = gnu11;
				GCC_DYNAMIC_NO_PIC = NO;
				GCC_NO_COMMON_BLOCKS = YES;
				GCC_OPTIMIZATION_LEVEL = 0;
				GCC_PREPROCESSOR_DEFINITIONS = (
					"DEBUG=1",
					"$(inherited)",
				);
				GCC_WARN_64_TO_32_BIT_CONVERSION = YES;
				GCC_WARN_ABOUT_RETURN_TYPE = YES_ERROR;
				GCC_WARN_UNDECLARED_SELECTOR = YES;
				GCC_WARN_UNINITIALIZED_AUTOS = YES_AGGRESSIVE;
				GCC_WARN_UNUSED_FUNCTION = YES;
				GCC_WARN_UNUSED_VARIABLE = YES;
				IPHONEOS_DEPLOYMENT_TARGET = 11.0;
				MTL_ENABLE_DEBUG_INFO = YES;
				ONLY_ACTIVE_ARCH = YES;
				SDKROOT = iphoneos;
			};
			name = Debug;
		};
		E5541A121F14B45500035C20 /* Release */ = {
			isa = XCBuildConfiguration;
			buildSettings = {
				ALWAYS_SEARCH_USER_PATHS = NO;
				CLANG_ANALYZER_NONNULL = YES;
				CLANG_ANALYZER_NUMBER_OBJECT_CONVERSION = YES_AGGRESSIVE;
				CLANG_CXX_LANGUAGE_STANDARD = "gnu++14";
				CLANG_CXX_LIBRARY = "libc++";
				CLANG_ENABLE_MODULES = YES;
				CLANG_ENABLE_OBJC_ARC = YES;
				CLANG_WARN_BLOCK_CAPTURE_AUTORELEASING = YES;
				CLANG_WARN_BOOL_CONVERSION = YES;
				CLANG_WARN_COMMA = YES;
				CLANG_WARN_CONSTANT_CONVERSION = YES;
				CLANG_WARN_DIRECT_OBJC_ISA_USAGE = YES_ERROR;
				CLANG_WARN_DOCUMENTATION_COMMENTS = YES;
				CLANG_WARN_EMPTY_BODY = YES;
				CLANG_WARN_ENUM_CONVERSION = YES;
				CLANG_WARN_INFINITE_RECURSION = YES;
				CLANG_WARN_INT_CONVERSION = YES;
				CLANG_WARN_OBJC_ROOT_CLASS = YES_ERROR;
				CLANG_WARN_RANGE_LOOP_ANALYSIS = YES;
				CLANG_WARN_STRICT_PROTOTYPES = YES;
				CLANG_WARN_SUSPICIOUS_MOVE = YES;
				CLANG_WARN_UNGUARDED_AVAILABILITY = YES_AGGRESSIVE;
				CLANG_WARN_UNREACHABLE_CODE = YES;
				CLANG_WARN__DUPLICATE_METHOD_MATCH = YES;
				CODE_SIGN_IDENTITY = "iPhone Developer";
				COPY_PHASE_STRIP = NO;
				DEBUG_INFORMATION_FORMAT = "dwarf-with-dsym";
				ENABLE_NS_ASSERTIONS = NO;
				ENABLE_STRICT_OBJC_MSGSEND = YES;
				GCC_C_LANGUAGE_STANDARD = gnu11;
				GCC_NO_COMMON_BLOCKS = YES;
				GCC_WARN_64_TO_32_BIT_CONVERSION = YES;
				GCC_WARN_ABOUT_RETURN_TYPE = YES_ERROR;
				GCC_WARN_UNDECLARED_SELECTOR = YES;
				GCC_WARN_UNINITIALIZED_AUTOS = YES_AGGRESSIVE;
				GCC_WARN_UNUSED_FUNCTION = YES;
				GCC_WARN_UNUSED_VARIABLE = YES;
				IPHONEOS_DEPLOYMENT_TARGET = 11.0;
				MTL_ENABLE_DEBUG_INFO = NO;
				SDKROOT = iphoneos;
				VALIDATE_PRODUCT = YES;
			};
			name = Release;
		};
		E5541A141F14B45500035C20 /* Debug */ = {
			isa = XCBuildConfiguration;
			buildSettings = {
				ALWAYS_SEARCH_USER_PATHS = NO;
				ASSETCATALOG_COMPILER_APPICON_NAME = AppIcon;
				DEVELOPMENT_TEAM = 6J62AU9PV3;
				FRAMEWORK_SEARCH_PATHS = (
					"$(inherited)",
					"$(PROJECT_DIR)/VR_Example/vrsdk",
				);
				GCC_INPUT_FILETYPE = sourcecode.cpp.objcpp;
				INFOPLIST_FILE = VR_Example/Info.plist;
				IPHONEOS_DEPLOYMENT_TARGET = 10.1;
				LD_QUOTE_LINKER_ARGUMENTS_FOR_COMPILER_DRIVER = YES;
				LD_RUNPATH_SEARCH_PATHS = "$(inherited) @executable_path/Frameworks";
				LIBRARY_SEARCH_PATHS = (
					"$(inherited)",
					"$(PROJECT_DIR)/VR_Example/vrsdk",
				);
				OTHER_LDFLAGS = "";
				PRODUCT_BUNDLE_IDENTIFIER = com.marvr.MARVR;
				PRODUCT_NAME = "$(TARGET_NAME)";
				TARGETED_DEVICE_FAMILY = "1,2";
			};
			name = Debug;
		};
		E5541A151F14B45500035C20 /* Release */ = {
			isa = XCBuildConfiguration;
			buildSettings = {
				ALWAYS_SEARCH_USER_PATHS = NO;
				ASSETCATALOG_COMPILER_APPICON_NAME = AppIcon;
				DEVELOPMENT_TEAM = 6J62AU9PV3;
				FRAMEWORK_SEARCH_PATHS = (
					"$(inherited)",
					"$(PROJECT_DIR)/VR_Example/vrsdk",
				);
				GCC_INPUT_FILETYPE = sourcecode.cpp.objcpp;
				INFOPLIST_FILE = VR_Example/Info.plist;
				IPHONEOS_DEPLOYMENT_TARGET = 10.1;
				LD_QUOTE_LINKER_ARGUMENTS_FOR_COMPILER_DRIVER = YES;
				LD_RUNPATH_SEARCH_PATHS = "$(inherited) @executable_path/Frameworks";
				LIBRARY_SEARCH_PATHS = (
					"$(inherited)",
					"$(PROJECT_DIR)/VR_Example/vrsdk",
				);
				OTHER_LDFLAGS = "";
				PRODUCT_BUNDLE_IDENTIFIER = com.marvr.MARVR;
				PRODUCT_NAME = "$(TARGET_NAME)";
				TARGETED_DEVICE_FAMILY = "1,2";
			};
			name = Release;
		};
/* End XCBuildConfiguration section */

/* Begin XCConfigurationList section */
		E55419F81F14B45500035C20 /* Build configuration list for PBXProject "VR_Example" */ = {
			isa = XCConfigurationList;
			buildConfigurations = (
				E5541A111F14B45500035C20 /* Debug */,
				E5541A121F14B45500035C20 /* Release */,
			);
			defaultConfigurationIsVisible = 0;
			defaultConfigurationName = Release;
		};
		E5541A131F14B45500035C20 /* Build configuration list for PBXNativeTarget "VR_Example" */ = {
			isa = XCConfigurationList;
			buildConfigurations = (
				E5541A141F14B45500035C20 /* Debug */,
				E5541A151F14B45500035C20 /* Release */,
			);
			defaultConfigurationIsVisible = 0;
			defaultConfigurationName = Release;
		};
/* End XCConfigurationList section */
	};
	rootObject = E55419F51F14B45500035C20 /* Project object */;
}
